// !$*UTF8*$!
{
	archiveVersion = 1;
	classes = {
	};
	objectVersion = 46;
	objects = {

/* Begin PBXBuildFile section */
		1802FF7314BC802800DE517D /* SettingViewController.m in Sources */ = {isa = PBXBuildFile; fileRef = 1802FF7114BC802800DE517D /* SettingViewController.m */; };
		1802FF7414BC802800DE517D /* SettingViewController.xib in Resources */ = {isa = PBXBuildFile; fileRef = 1802FF7214BC802800DE517D /* SettingViewController.xib */; };
		181363B914B1F7CA00F90BAD /* Bar_bottom.png in Resources */ = {isa = PBXBuildFile; fileRef = 1813639014B1F7CA00F90BAD /* Bar_bottom.png */; };
		181363BA14B1F7CA00F90BAD /* Bar_top.png in Resources */ = {isa = PBXBuildFile; fileRef = 1813639114B1F7CA00F90BAD /* Bar_top.png */; };
		181363BB14B1F7CA00F90BAD /* Btn_back.png in Resources */ = {isa = PBXBuildFile; fileRef = 1813639214B1F7CA00F90BAD /* Btn_back.png */; };
		181363BC14B1F7CA00F90BAD /* Btn_local.png in Resources */ = {isa = PBXBuildFile; fileRef = 1813639314B1F7CA00F90BAD /* Btn_local.png */; };
		181363BD14B1F7CA00F90BAD /* Btn_local_s.png in Resources */ = {isa = PBXBuildFile; fileRef = 1813639414B1F7CA00F90BAD /* Btn_local_s.png */; };
		181363BE14B1F7CA00F90BAD /* Btn_more.png in Resources */ = {isa = PBXBuildFile; fileRef = 1813639514B1F7CA00F90BAD /* Btn_more.png */; };
		181363BF14B1F7CA00F90BAD /* Btn_more_s.png in Resources */ = {isa = PBXBuildFile; fileRef = 1813639614B1F7CA00F90BAD /* Btn_more_s.png */; };
		181363C014B1F7CA00F90BAD /* Btn_playing.png in Resources */ = {isa = PBXBuildFile; fileRef = 1813639714B1F7CA00F90BAD /* Btn_playing.png */; };
		181363C114B1F7CA00F90BAD /* Btn_send.png in Resources */ = {isa = PBXBuildFile; fileRef = 1813639814B1F7CA00F90BAD /* Btn_send.png */; };
		181363C214B1F7CA00F90BAD /* Icon_album.png in Resources */ = {isa = PBXBuildFile; fileRef = 1813639914B1F7CA00F90BAD /* Icon_album.png */; };
		181363C314B1F7CA00F90BAD /* Icon_artist.png in Resources */ = {isa = PBXBuildFile; fileRef = 1813639A14B1F7CA00F90BAD /* Icon_artist.png */; };
		181363C414B1F7CA00F90BAD /* Icon_singer.png in Resources */ = {isa = PBXBuildFile; fileRef = 1813639B14B1F7CA00F90BAD /* Icon_singer.png */; };
		181363C514B1F7CA00F90BAD /* Icon_song.png in Resources */ = {isa = PBXBuildFile; fileRef = 1813639C14B1F7CA00F90BAD /* Icon_song.png */; };
		181363C614B1F7CA00F90BAD /* Icon_speaker.png in Resources */ = {isa = PBXBuildFile; fileRef = 1813639D14B1F7CA00F90BAD /* Icon_speaker.png */; };
		181363C714B1F7CA00F90BAD /* normal-2.png in Resources */ = {isa = PBXBuildFile; fileRef = 1813639E14B1F7CA00F90BAD /* normal-2.png */; };
		181363C814B1F7CA00F90BAD /* normal.png in Resources */ = {isa = PBXBuildFile; fileRef = 1813639F14B1F7CA00F90BAD /* normal.png */; };
		181363C914B1F7CA00F90BAD /* pressed-2.png in Resources */ = {isa = PBXBuildFile; fileRef = 181363A014B1F7CA00F90BAD /* pressed-2.png */; };
		181363CA14B1F7CA00F90BAD /* pressed.png in Resources */ = {isa = PBXBuildFile; fileRef = 181363A114B1F7CA00F90BAD /* pressed.png */; };
		181363CC14B1F7CA00F90BAD /* 1.png in Resources */ = {isa = PBXBuildFile; fileRef = 181363A414B1F7CA00F90BAD /* 1.png */; };
		181363CD14B1F7CA00F90BAD /* 16.png in Resources */ = {isa = PBXBuildFile; fileRef = 181363A514B1F7CA00F90BAD /* 16.png */; };
		181363CE14B1F7CA00F90BAD /* 17.png in Resources */ = {isa = PBXBuildFile; fileRef = 181363A614B1F7CA00F90BAD /* 17.png */; };
		181363CF14B1F7CA00F90BAD /* cycle.png in Resources */ = {isa = PBXBuildFile; fileRef = 181363A714B1F7CA00F90BAD /* cycle.png */; };
		181363D014B1F7CA00F90BAD /* defaulepic.png in Resources */ = {isa = PBXBuildFile; fileRef = 181363A814B1F7CA00F90BAD /* defaulepic.png */; };
		181363D114B1F7CA00F90BAD /* greenback.png in Resources */ = {isa = PBXBuildFile; fileRef = 181363A914B1F7CA00F90BAD /* greenback.png */; };
		181363D214B1F7CA00F90BAD /* lyc.png in Resources */ = {isa = PBXBuildFile; fileRef = 181363AA14B1F7CA00F90BAD /* lyc.png */; };
		181363D314B1F7CA00F90BAD /* navtopbtn.png in Resources */ = {isa = PBXBuildFile; fileRef = 181363AB14B1F7CA00F90BAD /* navtopbtn.png */; };
		181363D414B1F7CA00F90BAD /* next.png in Resources */ = {isa = PBXBuildFile; fileRef = 181363AC14B1F7CA00F90BAD /* next.png */; };
		181363D514B1F7CA00F90BAD /* pasue.png in Resources */ = {isa = PBXBuildFile; fileRef = 181363AD14B1F7CA00F90BAD /* pasue.png */; };
		181363D614B1F7CA00F90BAD /* picframe.png in Resources */ = {isa = PBXBuildFile; fileRef = 181363AE14B1F7CA00F90BAD /* picframe.png */; };
		181363D714B1F7CA00F90BAD /* play.png in Resources */ = {isa = PBXBuildFile; fileRef = 181363AF14B1F7CA00F90BAD /* play.png */; };
		181363D914B1F7CA00F90BAD /* playnormal.png in Resources */ = {isa = PBXBuildFile; fileRef = 181363B114B1F7CA00F90BAD /* playnormal.png */; };
		181363DA14B1F7CA00F90BAD /* pre.png in Resources */ = {isa = PBXBuildFile; fileRef = 181363B214B1F7CA00F90BAD /* pre.png */; };
		181363DB14B1F7CA00F90BAD /* repeatone.png in Resources */ = {isa = PBXBuildFile; fileRef = 181363B314B1F7CA00F90BAD /* repeatone.png */; };
		181363DC14B1F7CA00F90BAD /* Shuffle.png in Resources */ = {isa = PBXBuildFile; fileRef = 181363B414B1F7CA00F90BAD /* Shuffle.png */; };
		181363DD14B1F7CA00F90BAD /* skin.xml in Resources */ = {isa = PBXBuildFile; fileRef = 181363B514B1F7CA00F90BAD /* skin.xml */; };
		181363DE14B1F7CA00F90BAD /* slider.png in Resources */ = {isa = PBXBuildFile; fileRef = 181363B614B1F7CA00F90BAD /* slider.png */; };
		181363DF14B1F7CA00F90BAD /* skin.plist in Resources */ = {isa = PBXBuildFile; fileRef = 181363B714B1F7CA00F90BAD /* skin.plist */; };
		183369A814A222060035D36E /* MusicPlayerViewController.m in Sources */ = {isa = PBXBuildFile; fileRef = 183369A614A222060035D36E /* MusicPlayerViewController.m */; };
		183369A914A222060035D36E /* MusicPlayerViewController.xib in Resources */ = {isa = PBXBuildFile; fileRef = 183369A714A222060035D36E /* MusicPlayerViewController.xib */; };
		183369AD14A222260035D36E /* Music.m in Sources */ = {isa = PBXBuildFile; fileRef = 183369AC14A222260035D36E /* Music.m */; };
		1845586A14E8226A005FB3BA /* AVAudioPlayerManager.m in Sources */ = {isa = PBXBuildFile; fileRef = 1845586914E82269005FB3BA /* AVAudioPlayerManager.m */; };
		184935DD14962069009B01AD /* UIKit.framework in Frameworks */ = {isa = PBXBuildFile; fileRef = 184935DC14962069009B01AD /* UIKit.framework */; };
		184935DF14962069009B01AD /* Foundation.framework in Frameworks */ = {isa = PBXBuildFile; fileRef = 184935DE14962069009B01AD /* Foundation.framework */; };
		184935E114962069009B01AD /* CoreGraphics.framework in Frameworks */ = {isa = PBXBuildFile; fileRef = 184935E014962069009B01AD /* CoreGraphics.framework */; };
		184935E714962069009B01AD /* InfoPlist.strings in Resources */ = {isa = PBXBuildFile; fileRef = 184935E514962069009B01AD /* InfoPlist.strings */; };
		184935E914962069009B01AD /* main.m in Sources */ = {isa = PBXBuildFile; fileRef = 184935E814962069009B01AD /* main.m */; };
		184935ED14962069009B01AD /* AppDelegate.m in Sources */ = {isa = PBXBuildFile; fileRef = 184935EC14962069009B01AD /* AppDelegate.m */; };
		1884B16714FA6EAA008A31B0 /* tubiao.png in Resources */ = {isa = PBXBuildFile; fileRef = 18A9DEAE14CBC49100BD8EF9 /* tubiao.png */; };
		189A7F6114D2FFF200B63A9A /* MediaPlayer.framework in Frameworks */ = {isa = PBXBuildFile; fileRef = 189A7F6014D2FFF200B63A9A /* MediaPlayer.framework */; };
		189D0D6F14C594C10017D481 /* help.png in Resources */ = {isa = PBXBuildFile; fileRef = 189D0D6E14C594C10017D481 /* help.png */; };
		18A9DEAD14CBC48500BD8EF9 /* ClassDB.sqlite3 in Resources */ = {isa = PBXBuildFile; fileRef = 18A9DEAC14CBC48500BD8EF9 /* ClassDB.sqlite3 */; };
		18AA5E7A14B2A4FB007726A2 /* PlanView.xib in Resources */ = {isa = PBXBuildFile; fileRef = 18AA5E7414B2A4FB007726A2 /* PlanView.xib */; };
		18AA5E7B14B2A4FB007726A2 /* PlanViewCell.m in Sources */ = {isa = PBXBuildFile; fileRef = 18AA5E7614B2A4FB007726A2 /* PlanViewCell.m */; };
		18AA5E7C14B2A4FB007726A2 /* PlanViewController.m in Sources */ = {isa = PBXBuildFile; fileRef = 18AA5E7814B2A4FB007726A2 /* PlanViewController.m */; };
		18AA5E7D14B2A4FB007726A2 /* PlanViewController.xib in Resources */ = {isa = PBXBuildFile; fileRef = 18AA5E7914B2A4FB007726A2 /* PlanViewController.xib */; };
		18AA5E8114B2A50B007726A2 /* BaseCell.m in Sources */ = {isa = PBXBuildFile; fileRef = 18AA5E8014B2A50A007726A2 /* BaseCell.m */; };
		18AA5E8D14B2A616007726A2 /* AboutViewController.m in Sources */ = {isa = PBXBuildFile; fileRef = 18AA5E8414B2A616007726A2 /* AboutViewController.m */; };
		18AA5E8E14B2A616007726A2 /* AboutViewController.xib in Resources */ = {isa = PBXBuildFile; fileRef = 18AA5E8514B2A616007726A2 /* AboutViewController.xib */; };
		18AA5E8F14B2A616007726A2 /* SearchResult.m in Sources */ = {isa = PBXBuildFile; fileRef = 18AA5E8814B2A616007726A2 /* SearchResult.m */; };
		18AA5E9614B2A633007726A2 /* RootViewController.m in Sources */ = {isa = PBXBuildFile; fileRef = 18AA5E9414B2A633007726A2 /* RootViewController.m */; };
		18AA5E9E14B2BA82007726A2 /* CustomNavgationBar.m in Sources */ = {isa = PBXBuildFile; fileRef = 18AA5E9D14B2BA82007726A2 /* CustomNavgationBar.m */; };
		18B9DA6E14BC95B200FF450F /* SettingCell.m in Sources */ = {isa = PBXBuildFile; fileRef = 18B9DA6D14BC95B200FF450F /* SettingCell.m */; };
		18B9DA7114BC95DE00FF450F /* SettingView.xib in Resources */ = {isa = PBXBuildFile; fileRef = 18B9DA7014BC95DE00FF450F /* SettingView.xib */; };
		18B9DA7614BCB5D800FF450F /* StopTomeViewController.m in Sources */ = {isa = PBXBuildFile; fileRef = 18B9DA7414BCB5D800FF450F /* StopTomeViewController.m */; };
		18B9DA7714BCB5D800FF450F /* StopTomeViewController.xib in Resources */ = {isa = PBXBuildFile; fileRef = 18B9DA7514BCB5D800FF450F /* StopTomeViewController.xib */; };
		18F9525D149F72CD00206253 /* AVFoundation.framework in Frameworks */ = {isa = PBXBuildFile; fileRef = 18F9525C149F72CD00206253 /* AVFoundation.framework */; };
		18F9C86914C894A20024C409 /* newcycle.png in Resources */ = {isa = PBXBuildFile; fileRef = 18F9C86114C894A20024C409 /* newcycle.png */; };
		18F9C86A14C894A20024C409 /* newnext.png in Resources */ = {isa = PBXBuildFile; fileRef = 18F9C86214C894A20024C409 /* newnext.png */; };
		18F9C86B14C894A20024C409 /* newpasue.png in Resources */ = {isa = PBXBuildFile; fileRef = 18F9C86314C894A20024C409 /* newpasue.png */; };
		18F9C86C14C894A20024C409 /* newplay.png in Resources */ = {isa = PBXBuildFile; fileRef = 18F9C86414C894A20024C409 /* newplay.png */; };
		18F9C86D14C894A20024C409 /* newplaynormal.png in Resources */ = {isa = PBXBuildFile; fileRef = 18F9C86514C894A20024C409 /* newplaynormal.png */; };
		18F9C86E14C894A20024C409 /* newpre.png in Resources */ = {isa = PBXBuildFile; fileRef = 18F9C86614C894A20024C409 /* newpre.png */; };
		18F9C86F14C894A20024C409 /* newrepeatone.png in Resources */ = {isa = PBXBuildFile; fileRef = 18F9C86714C894A20024C409 /* newrepeatone.png */; };
		18F9C87014C894A20024C409 /* newShuffle.png in Resources */ = {isa = PBXBuildFile; fileRef = 18F9C86814C894A20024C409 /* newShuffle.png */; };
		18F9EA9C14F0BEB200743E91 /* BasicPlayer.m in Sources */ = {isa = PBXBuildFile; fileRef = 18F9EA9B14F0BEB200743E91 /* BasicPlayer.m */; };
		18FB6A3314C32311001C0013 /* Btn_local1.png in Resources */ = {isa = PBXBuildFile; fileRef = 18FB6A3214C32311001C0013 /* Btn_local1.png */; };
		18FB6A3614C3288D001C0013 /* calendar.png in Resources */ = {isa = PBXBuildFile; fileRef = 18FB6A3514C3288D001C0013 /* calendar.png */; };
		18FB6A3814C328F5001C0013 /* chat.png in Resources */ = {isa = PBXBuildFile; fileRef = 18FB6A3714C328F5001C0013 /* chat.png */; };
		18FC5E1E14A376A6001CAF67 /* libsqlite3.0.dylib in Frameworks */ = {isa = PBXBuildFile; fileRef = 18FC5E1D14A376A6001CAF67 /* libsqlite3.0.dylib */; };
		18FD41BC14A9B9F2001AEF64 /* libsqlite3.dylib in Frameworks */ = {isa = PBXBuildFile; fileRef = 18FD41BB14A9B9F2001AEF64 /* libsqlite3.dylib */; };
		18FD41C514A9BA4E001AEF64 /* FMDatabase.m in Sources */ = {isa = PBXBuildFile; fileRef = 18FD41BF14A9BA4E001AEF64 /* FMDatabase.m */; };
		18FD41C614A9BA4E001AEF64 /* FMDatabaseAdditions.m in Sources */ = {isa = PBXBuildFile; fileRef = 18FD41C114A9BA4E001AEF64 /* FMDatabaseAdditions.m */; };
		18FD41C814A9BA4E001AEF64 /* FMResultSet.m in Sources */ = {isa = PBXBuildFile; fileRef = 18FD41C414A9BA4E001AEF64 /* FMResultSet.m */; };
		18FD9B4914C5F93200D9D606 /* view1.png in Resources */ = {isa = PBXBuildFile; fileRef = 18FD9B4614C5F93200D9D606 /* view1.png */; };
		18FD9B4A14C5F93200D9D606 /* view2.png in Resources */ = {isa = PBXBuildFile; fileRef = 18FD9B4714C5F93200D9D606 /* view2.png */; };
		18FD9B4B14C5F93200D9D606 /* view3.png in Resources */ = {isa = PBXBuildFile; fileRef = 18FD9B4814C5F93200D9D606 /* view3.png */; };
		18FDB4E714DBE8F700295735 /* iPodMusicManager.m in Sources */ = {isa = PBXBuildFile; fileRef = 18FDB4E614DBE8F700295735 /* iPodMusicManager.m */; };
		18FE479014BAFB7B001C04F1 /* Rookie1.jpg in Resources */ = {isa = PBXBuildFile; fileRef = 18FE478714BAFB7B001C04F1 /* Rookie1.jpg */; };
		18FE479114BAFB7B001C04F1 /* Rookie1@2x.jpg in Resources */ = {isa = PBXBuildFile; fileRef = 18FE478814BAFB7B001C04F1 /* Rookie1@2x.jpg */; };
		18FE479214BAFB7B001C04F1 /* Rookie9.jpg in Resources */ = {isa = PBXBuildFile; fileRef = 18FE478914BAFB7B001C04F1 /* Rookie9.jpg */; };
		18FE479314BAFB7B001C04F1 /* Rookie9@2x.jpg in Resources */ = {isa = PBXBuildFile; fileRef = 18FE478A14BAFB7B001C04F1 /* Rookie9@2x.jpg */; };
		18FE479414BAFB7B001C04F1 /* Style1.jpg in Resources */ = {isa = PBXBuildFile; fileRef = 18FE478B14BAFB7B001C04F1 /* Style1.jpg */; };
		18FE479514BAFB7B001C04F1 /* Style12.jpg in Resources */ = {isa = PBXBuildFile; fileRef = 18FE478C14BAFB7B001C04F1 /* Style12.jpg */; };
		18FE479614BAFB7B001C04F1 /* Style15.jpg in Resources */ = {isa = PBXBuildFile; fileRef = 18FE478D14BAFB7B001C04F1 /* Style15.jpg */; };
		18FE479714BAFB7B001C04F1 /* Style29.jpg in Resources */ = {isa = PBXBuildFile; fileRef = 18FE478E14BAFB7B001C04F1 /* Style29.jpg */; };
		18FE479814BAFB7B001C04F1 /* Style29@2x.jpg in Resources */ = {isa = PBXBuildFile; fileRef = 18FE478F14BAFB7B001C04F1 /* Style29@2x.jpg */; };
		18FE479A14BB2B42001C04F1 /* rootnav.png in Resources */ = {isa = PBXBuildFile; fileRef = 18FE479914BB2B42001C04F1 /* rootnav.png */; };
		18FE479D14BB2E2E001C04F1 /* 4.png in Resources */ = {isa = PBXBuildFile; fileRef = 18FE479B14BB2E2E001C04F1 /* 4.png */; };
		18FE479E14BB2E2E001C04F1 /* touming.png in Resources */ = {isa = PBXBuildFile; fileRef = 18FE479C14BB2E2E001C04F1 /* touming.png */; };
		18FEB4C214F9E20D0090FE3C /* DAL.m in Sources */ = {isa = PBXBuildFile; fileRef = 18FEB4C114F9E20D0090FE3C /* DAL.m */; };
		18FF18B114EE8A0700243C82 /* AVPlayerManager.m in Sources */ = {isa = PBXBuildFile; fileRef = 18FF18B014EE8A0700243C82 /* AVPlayerManager.m */; };
		18FF18B514EE9ADE00243C82 /* PlayerFactory.m in Sources */ = {isa = PBXBuildFile; fileRef = 18FF18B414EE9ADE00243C82 /* PlayerFactory.m */; };
		A033FF9A1CFDC41300F53698 /* zhuce.png in Resources */ = {isa = PBXBuildFile; fileRef = A033FF991CFDC41300F53698 /* zhuce.png */; };
		BC0825241CE8C2AC00FC91C8 /* RootViewController.xib in Resources */ = {isa = PBXBuildFile; fileRef = BC0825261CE8C2AC00FC91C8 /* RootViewController.xib */; };
		BC08252A1CE8D50600FC91C8 /* macbg.png in Resources */ = {isa = PBXBuildFile; fileRef = BC0825291CE8D50600FC91C8 /* macbg.png */; };
		BC39EC791CFAFBAB00FB03AC /* 1_Intro_MAIN.mp3 in Resources */ = {isa = PBXBuildFile; fileRef = BC39EC721CFAFBAB00FB03AC /* 1_Intro_MAIN.mp3 */; };
		BC39EC7A1CFAFBAB00FB03AC /* 2_Intro_VOCAB.mp3 in Resources */ = {isa = PBXBuildFile; fileRef = BC39EC731CFAFBAB00FB03AC /* 2_Intro_VOCAB.mp3 */; };
		BC39EC7B1CFAFBAB00FB03AC /* 3_Intro_MINI_STORY.mp3 in Resources */ = {isa = PBXBuildFile; fileRef = BC39EC741CFAFBAB00FB03AC /* 3_Intro_MINI_STORY.mp3 */; };
		BC39EC7C1CFAFBAB00FB03AC /* 1_Emotional_Mastery_MAIN.mp3 in Resources */ = {isa = PBXBuildFile; fileRef = BC39EC761CFAFBAB00FB03AC /* 1_Emotional_Mastery_MAIN.mp3 */; };
		BC39EC7D1CFAFBAB00FB03AC /* 2_Emotional_Mastery_VOCAB.mp3 in Resources */ = {isa = PBXBuildFile; fileRef = BC39EC771CFAFBAB00FB03AC /* 2_Emotional_Mastery_VOCAB.mp3 */; };
		BC39EC7E1CFAFBAB00FB03AC /* 3_Emotional_Mastery_MINI_STORY.mp3 in Resources */ = {isa = PBXBuildFile; fileRef = BC39EC781CFAFBAB00FB03AC /* 3_Emotional_Mastery_MINI_STORY.mp3 */; };
		BC6FF0841CEEB5980092FC13 /* BackgroundTask.m in Sources */ = {isa = PBXBuildFile; fileRef = BC6FF0831CEEB5980092FC13 /* BackgroundTask.m */; };
		BCA7BE101CE5C0D7006951A0 /* Default-568h@2x.png in Resources */ = {isa = PBXBuildFile; fileRef = BCA7BE0F1CE5C0D7006951A0 /* Default-568h@2x.png */; };
		BCBDC29C1CF9EEF90021C210 /* Zhuge.m in Sources */ = {isa = PBXBuildFile; fileRef = BCBDC2991CF9EEF90021C210 /* Zhuge.m */; settings = {COMPILER_FLAGS = "-fobjc-arc"; }; };
		BCBDC29D1CF9EEF90021C210 /* ZhugeConfig.m in Sources */ = {isa = PBXBuildFile; fileRef = BCBDC29B1CF9EEF90021C210 /* ZhugeConfig.m */; settings = {COMPILER_FLAGS = "-fobjc-arc"; }; };
		BCBDC29F1CF9EF460021C210 /* SystemConfiguration.framework in Frameworks */ = {isa = PBXBuildFile; fileRef = BCBDC29E1CF9EF460021C210 /* SystemConfiguration.framework */; };
		BCBDC2A11CF9EF590021C210 /* Accelerate.framework in Frameworks */ = {isa = PBXBuildFile; fileRef = BCBDC2A01CF9EF590021C210 /* Accelerate.framework */; };
		BCBDC2A31CF9EF650021C210 /* QuartzCore.framework in Frameworks */ = {isa = PBXBuildFile; fileRef = BCBDC2A21CF9EF650021C210 /* QuartzCore.framework */; };
		BCBDC2A51CF9EFB60021C210 /* CoreTelephony.framework in Frameworks */ = {isa = PBXBuildFile; fileRef = BCBDC2A41CF9EFB60021C210 /* CoreTelephony.framework */; };
		BCBDC2A71CF9F01D0021C210 /* Security.framework in Frameworks */ = {isa = PBXBuildFile; fileRef = BCBDC2A61CF9F01D0021C210 /* Security.framework */; };
		BCBDC2AE1CF9FA760021C210 /* dangan.png in Resources */ = {isa = PBXBuildFile; fileRef = BCBDC2AC1CF9FA760021C210 /* dangan.png */; };
/* End PBXBuildFile section */

/* Begin PBXFileReference section */
		1802FF7014BC802800DE517D /* SettingViewController.h */ = {isa = PBXFileReference; fileEncoding = 4; lastKnownFileType = sourcecode.c.h; path = SettingViewController.h; sourceTree = "<group>"; };
		1802FF7114BC802800DE517D /* SettingViewController.m */ = {isa = PBXFileReference; fileEncoding = 4; lastKnownFileType = sourcecode.c.objc; path = SettingViewController.m; sourceTree = "<group>"; };
		1802FF7214BC802800DE517D /* SettingViewController.xib */ = {isa = PBXFileReference; fileEncoding = 4; lastKnownFileType = file.xib; path = SettingViewController.xib; sourceTree = "<group>"; };
		1813639014B1F7CA00F90BAD /* Bar_bottom.png */ = {isa = PBXFileReference; lastKnownFileType = image.png; path = Bar_bottom.png; sourceTree = "<group>"; };
		1813639114B1F7CA00F90BAD /* Bar_top.png */ = {isa = PBXFileReference; lastKnownFileType = image.png; path = Bar_top.png; sourceTree = "<group>"; };
		1813639214B1F7CA00F90BAD /* Btn_back.png */ = {isa = PBXFileReference; lastKnownFileType = image.png; path = Btn_back.png; sourceTree = "<group>"; };
		1813639314B1F7CA00F90BAD /* Btn_local.png */ = {isa = PBXFileReference; lastKnownFileType = image.png; path = Btn_local.png; sourceTree = "<group>"; };
		1813639414B1F7CA00F90BAD /* Btn_local_s.png */ = {isa = PBXFileReference; lastKnownFileType = image.png; path = Btn_local_s.png; sourceTree = "<group>"; };
		1813639514B1F7CA00F90BAD /* Btn_more.png */ = {isa = PBXFileReference; lastKnownFileType = image.png; path = Btn_more.png; sourceTree = "<group>"; };
		1813639614B1F7CA00F90BAD /* Btn_more_s.png */ = {isa = PBXFileReference; lastKnownFileType = image.png; path = Btn_more_s.png; sourceTree = "<group>"; };
		1813639714B1F7CA00F90BAD /* Btn_playing.png */ = {isa = PBXFileReference; lastKnownFileType = image.png; path = Btn_playing.png; sourceTree = "<group>"; };
		1813639814B1F7CA00F90BAD /* Btn_send.png */ = {isa = PBXFileReference; lastKnownFileType = image.png; path = Btn_send.png; sourceTree = "<group>"; };
		1813639914B1F7CA00F90BAD /* Icon_album.png */ = {isa = PBXFileReference; lastKnownFileType = image.png; path = Icon_album.png; sourceTree = "<group>"; };
		1813639A14B1F7CA00F90BAD /* Icon_artist.png */ = {isa = PBXFileReference; lastKnownFileType = image.png; path = Icon_artist.png; sourceTree = "<group>"; };
		1813639B14B1F7CA00F90BAD /* Icon_singer.png */ = {isa = PBXFileReference; lastKnownFileType = image.png; path = Icon_singer.png; sourceTree = "<group>"; };
		1813639C14B1F7CA00F90BAD /* Icon_song.png */ = {isa = PBXFileReference; lastKnownFileType = image.png; path = Icon_song.png; sourceTree = "<group>"; };
		1813639D14B1F7CA00F90BAD /* Icon_speaker.png */ = {isa = PBXFileReference; lastKnownFileType = image.png; path = Icon_speaker.png; sourceTree = "<group>"; };
		1813639E14B1F7CA00F90BAD /* normal-2.png */ = {isa = PBXFileReference; lastKnownFileType = image.png; path = "normal-2.png"; sourceTree = "<group>"; };
		1813639F14B1F7CA00F90BAD /* normal.png */ = {isa = PBXFileReference; lastKnownFileType = image.png; path = normal.png; sourceTree = "<group>"; };
		181363A014B1F7CA00F90BAD /* pressed-2.png */ = {isa = PBXFileReference; lastKnownFileType = image.png; path = "pressed-2.png"; sourceTree = "<group>"; };
		181363A114B1F7CA00F90BAD /* pressed.png */ = {isa = PBXFileReference; lastKnownFileType = image.png; path = pressed.png; sourceTree = "<group>"; };
		181363A414B1F7CA00F90BAD /* 1.png */ = {isa = PBXFileReference; lastKnownFileType = image.png; path = 1.png; sourceTree = "<group>"; };
		181363A514B1F7CA00F90BAD /* 16.png */ = {isa = PBXFileReference; lastKnownFileType = image.png; path = 16.png; sourceTree = "<group>"; };
		181363A614B1F7CA00F90BAD /* 17.png */ = {isa = PBXFileReference; lastKnownFileType = image.png; path = 17.png; sourceTree = "<group>"; };
		181363A714B1F7CA00F90BAD /* cycle.png */ = {isa = PBXFileReference; lastKnownFileType = image.png; path = cycle.png; sourceTree = "<group>"; };
		181363A814B1F7CA00F90BAD /* defaulepic.png */ = {isa = PBXFileReference; lastKnownFileType = image.png; path = defaulepic.png; sourceTree = "<group>"; };
		181363A914B1F7CA00F90BAD /* greenback.png */ = {isa = PBXFileReference; lastKnownFileType = image.png; path = greenback.png; sourceTree = "<group>"; };
		181363AA14B1F7CA00F90BAD /* lyc.png */ = {isa = PBXFileReference; lastKnownFileType = image.png; path = lyc.png; sourceTree = "<group>"; };
		181363AB14B1F7CA00F90BAD /* navtopbtn.png */ = {isa = PBXFileReference; lastKnownFileType = image.png; path = navtopbtn.png; sourceTree = "<group>"; };
		181363AC14B1F7CA00F90BAD /* next.png */ = {isa = PBXFileReference; lastKnownFileType = image.png; path = next.png; sourceTree = "<group>"; };
		181363AD14B1F7CA00F90BAD /* pasue.png */ = {isa = PBXFileReference; lastKnownFileType = image.png; path = pasue.png; sourceTree = "<group>"; };
		181363AE14B1F7CA00F90BAD /* picframe.png */ = {isa = PBXFileReference; lastKnownFileType = image.png; path = picframe.png; sourceTree = "<group>"; };
		181363AF14B1F7CA00F90BAD /* play.png */ = {isa = PBXFileReference; lastKnownFileType = image.png; path = play.png; sourceTree = "<group>"; };
		181363B114B1F7CA00F90BAD /* playnormal.png */ = {isa = PBXFileReference; lastKnownFileType = image.png; path = playnormal.png; sourceTree = "<group>"; };
		181363B214B1F7CA00F90BAD /* pre.png */ = {isa = PBXFileReference; lastKnownFileType = image.png; path = pre.png; sourceTree = "<group>"; };
		181363B314B1F7CA00F90BAD /* repeatone.png */ = {isa = PBXFileReference; lastKnownFileType = image.png; path = repeatone.png; sourceTree = "<group>"; };
		181363B414B1F7CA00F90BAD /* Shuffle.png */ = {isa = PBXFileReference; lastKnownFileType = image.png; path = Shuffle.png; sourceTree = "<group>"; };
		181363B514B1F7CA00F90BAD /* skin.xml */ = {isa = PBXFileReference; fileEncoding = 4; lastKnownFileType = text.xml; path = skin.xml; sourceTree = "<group>"; };
		181363B614B1F7CA00F90BAD /* slider.png */ = {isa = PBXFileReference; lastKnownFileType = image.png; path = slider.png; sourceTree = "<group>"; };
		181363B714B1F7CA00F90BAD /* skin.plist */ = {isa = PBXFileReference; fileEncoding = 4; lastKnownFileType = text.plist.xml; path = skin.plist; sourceTree = "<group>"; };
		183369A514A222060035D36E /* MusicPlayerViewController.h */ = {isa = PBXFileReference; fileEncoding = 4; lastKnownFileType = sourcecode.c.h; path = MusicPlayerViewController.h; sourceTree = "<group>"; };
		183369A614A222060035D36E /* MusicPlayerViewController.m */ = {isa = PBXFileReference; fileEncoding = 4; lastKnownFileType = sourcecode.c.objc; path = MusicPlayerViewController.m; sourceTree = "<group>"; };
		183369A714A222060035D36E /* MusicPlayerViewController.xib */ = {isa = PBXFileReference; fileEncoding = 4; lastKnownFileType = file.xib; path = MusicPlayerViewController.xib; sourceTree = "<group>"; };
		183369AB14A222260035D36E /* Music.h */ = {isa = PBXFileReference; fileEncoding = 4; lastKnownFileType = sourcecode.c.h; path = Music.h; sourceTree = "<group>"; };
		183369AC14A222260035D36E /* Music.m */ = {isa = PBXFileReference; fileEncoding = 4; lastKnownFileType = sourcecode.c.objc; path = Music.m; sourceTree = "<group>"; };
		1845586814E82269005FB3BA /* AVAudioPlayerManager.h */ = {isa = PBXFileReference; fileEncoding = 4; lastKnownFileType = sourcecode.c.h; path = AVAudioPlayerManager.h; sourceTree = "<group>"; };
		1845586914E82269005FB3BA /* AVAudioPlayerManager.m */ = {isa = PBXFileReference; fileEncoding = 4; lastKnownFileType = sourcecode.c.objc; path = AVAudioPlayerManager.m; sourceTree = "<group>"; };
		184935D814962069009B01AD /* JokePlayer2.1_data.app */ = {isa = PBXFileReference; explicitFileType = wrapper.application; includeInIndex = 0; path = JokePlayer2.1_data.app; sourceTree = BUILT_PRODUCTS_DIR; };
		184935DC14962069009B01AD /* UIKit.framework */ = {isa = PBXFileReference; lastKnownFileType = wrapper.framework; name = UIKit.framework; path = System/Library/Frameworks/UIKit.framework; sourceTree = SDKROOT; };
		184935DE14962069009B01AD /* Foundation.framework */ = {isa = PBXFileReference; lastKnownFileType = wrapper.framework; name = Foundation.framework; path = System/Library/Frameworks/Foundation.framework; sourceTree = SDKROOT; };
		184935E014962069009B01AD /* CoreGraphics.framework */ = {isa = PBXFileReference; lastKnownFileType = wrapper.framework; name = CoreGraphics.framework; path = System/Library/Frameworks/CoreGraphics.framework; sourceTree = SDKROOT; };
		184935E414962069009B01AD /* JokePlayer2.1_data-Info.plist */ = {isa = PBXFileReference; lastKnownFileType = text.plist.xml; path = "JokePlayer2.1_data-Info.plist"; sourceTree = "<group>"; };
		184935E614962069009B01AD /* en */ = {isa = PBXFileReference; lastKnownFileType = text.plist.strings; name = en; path = en.lproj/InfoPlist.strings; sourceTree = "<group>"; };
		184935E814962069009B01AD /* main.m */ = {isa = PBXFileReference; lastKnownFileType = sourcecode.c.objc; path = main.m; sourceTree = "<group>"; };
		184935EA14962069009B01AD /* JokePlayer2.1_data-Prefix.pch */ = {isa = PBXFileReference; lastKnownFileType = sourcecode.c.h; path = "JokePlayer2.1_data-Prefix.pch"; sourceTree = "<group>"; };
		184935EB14962069009B01AD /* AppDelegate.h */ = {isa = PBXFileReference; lastKnownFileType = sourcecode.c.h; path = AppDelegate.h; sourceTree = "<group>"; };
		184935EC14962069009B01AD /* AppDelegate.m */ = {isa = PBXFileReference; lastKnownFileType = sourcecode.c.objc; path = AppDelegate.m; sourceTree = "<group>"; };
		189A7F6014D2FFF200B63A9A /* MediaPlayer.framework */ = {isa = PBXFileReference; lastKnownFileType = wrapper.framework; name = MediaPlayer.framework; path = System/Library/Frameworks/MediaPlayer.framework; sourceTree = SDKROOT; };
		189D0D6E14C594C10017D481 /* help.png */ = {isa = PBXFileReference; lastKnownFileType = image.png; path = help.png; sourceTree = "<group>"; };
		18A9DEAC14CBC48500BD8EF9 /* ClassDB.sqlite3 */ = {isa = PBXFileReference; lastKnownFileType = file; path = ClassDB.sqlite3; sourceTree = "<group>"; };
		18A9DEAE14CBC49100BD8EF9 /* tubiao.png */ = {isa = PBXFileReference; lastKnownFileType = image.png; path = tubiao.png; sourceTree = "<group>"; };
		18AA5E7414B2A4FB007726A2 /* PlanView.xib */ = {isa = PBXFileReference; fileEncoding = 4; lastKnownFileType = file.xib; path = PlanView.xib; sourceTree = "<group>"; };
		18AA5E7514B2A4FB007726A2 /* PlanViewCell.h */ = {isa = PBXFileReference; fileEncoding = 4; lastKnownFileType = sourcecode.c.h; path = PlanViewCell.h; sourceTree = "<group>"; };
		18AA5E7614B2A4FB007726A2 /* PlanViewCell.m */ = {isa = PBXFileReference; fileEncoding = 4; lastKnownFileType = sourcecode.c.objc; path = PlanViewCell.m; sourceTree = "<group>"; };
		18AA5E7714B2A4FB007726A2 /* PlanViewController.h */ = {isa = PBXFileReference; fileEncoding = 4; lastKnownFileType = sourcecode.c.h; path = PlanViewController.h; sourceTree = "<group>"; };
		18AA5E7814B2A4FB007726A2 /* PlanViewController.m */ = {isa = PBXFileReference; fileEncoding = 4; lastKnownFileType = sourcecode.c.objc; path = PlanViewController.m; sourceTree = "<group>"; };
		18AA5E7914B2A4FB007726A2 /* PlanViewController.xib */ = {isa = PBXFileReference; fileEncoding = 4; lastKnownFileType = file.xib; path = PlanViewController.xib; sourceTree = "<group>"; };
		18AA5E7F14B2A50A007726A2 /* BaseCell.h */ = {isa = PBXFileReference; fileEncoding = 4; lastKnownFileType = sourcecode.c.h; path = BaseCell.h; sourceTree = "<group>"; };
		18AA5E8014B2A50A007726A2 /* BaseCell.m */ = {isa = PBXFileReference; fileEncoding = 4; lastKnownFileType = sourcecode.c.objc; path = BaseCell.m; sourceTree = "<group>"; };
		18AA5E8314B2A616007726A2 /* AboutViewController.h */ = {isa = PBXFileReference; fileEncoding = 4; lastKnownFileType = sourcecode.c.h; path = AboutViewController.h; sourceTree = "<group>"; };
		18AA5E8414B2A616007726A2 /* AboutViewController.m */ = {isa = PBXFileReference; fileEncoding = 4; lastKnownFileType = sourcecode.c.objc; path = AboutViewController.m; sourceTree = "<group>"; };
		18AA5E8514B2A616007726A2 /* AboutViewController.xib */ = {isa = PBXFileReference; fileEncoding = 4; lastKnownFileType = file.xib; path = AboutViewController.xib; sourceTree = "<group>"; };
		18AA5E8714B2A616007726A2 /* SearchResult.h */ = {isa = PBXFileReference; fileEncoding = 4; lastKnownFileType = sourcecode.c.h; path = SearchResult.h; sourceTree = "<group>"; };
		18AA5E8814B2A616007726A2 /* SearchResult.m */ = {isa = PBXFileReference; fileEncoding = 4; lastKnownFileType = sourcecode.c.objc; path = SearchResult.m; sourceTree = "<group>"; };
		18AA5E9314B2A633007726A2 /* RootViewController.h */ = {isa = PBXFileReference; fileEncoding = 4; lastKnownFileType = sourcecode.c.h; path = RootViewController.h; sourceTree = "<group>"; };
		18AA5E9414B2A633007726A2 /* RootViewController.m */ = {isa = PBXFileReference; fileEncoding = 4; lastKnownFileType = sourcecode.c.objc; path = RootViewController.m; sourceTree = "<group>"; };
		18AA5E9C14B2BA82007726A2 /* CustomNavgationBar.h */ = {isa = PBXFileReference; fileEncoding = 4; lastKnownFileType = sourcecode.c.h; path = CustomNavgationBar.h; sourceTree = "<group>"; };
		18AA5E9D14B2BA82007726A2 /* CustomNavgationBar.m */ = {isa = PBXFileReference; fileEncoding = 4; lastKnownFileType = sourcecode.c.objc; path = CustomNavgationBar.m; sourceTree = "<group>"; };
		18B9DA6C14BC95B200FF450F /* SettingCell.h */ = {isa = PBXFileReference; fileEncoding = 4; lastKnownFileType = sourcecode.c.h; path = SettingCell.h; sourceTree = "<group>"; };
		18B9DA6D14BC95B200FF450F /* SettingCell.m */ = {isa = PBXFileReference; fileEncoding = 4; lastKnownFileType = sourcecode.c.objc; path = SettingCell.m; sourceTree = "<group>"; };
		18B9DA7014BC95DE00FF450F /* SettingView.xib */ = {isa = PBXFileReference; fileEncoding = 4; lastKnownFileType = file.xib; path = SettingView.xib; sourceTree = "<group>"; };
		18B9DA7314BCB5D800FF450F /* StopTomeViewController.h */ = {isa = PBXFileReference; fileEncoding = 4; lastKnownFileType = sourcecode.c.h; path = StopTomeViewController.h; sourceTree = "<group>"; };
		18B9DA7414BCB5D800FF450F /* StopTomeViewController.m */ = {isa = PBXFileReference; fileEncoding = 4; lastKnownFileType = sourcecode.c.objc; path = StopTomeViewController.m; sourceTree = "<group>"; };
		18B9DA7514BCB5D800FF450F /* StopTomeViewController.xib */ = {isa = PBXFileReference; fileEncoding = 4; lastKnownFileType = file.xib; path = StopTomeViewController.xib; sourceTree = "<group>"; };
		18F9525C149F72CD00206253 /* AVFoundation.framework */ = {isa = PBXFileReference; lastKnownFileType = wrapper.framework; name = AVFoundation.framework; path = System/Library/Frameworks/AVFoundation.framework; sourceTree = SDKROOT; };
		18F9C86114C894A20024C409 /* newcycle.png */ = {isa = PBXFileReference; lastKnownFileType = image.png; path = newcycle.png; sourceTree = "<group>"; };
		18F9C86214C894A20024C409 /* newnext.png */ = {isa = PBXFileReference; lastKnownFileType = image.png; path = newnext.png; sourceTree = "<group>"; };
		18F9C86314C894A20024C409 /* newpasue.png */ = {isa = PBXFileReference; lastKnownFileType = image.png; path = newpasue.png; sourceTree = "<group>"; };
		18F9C86414C894A20024C409 /* newplay.png */ = {isa = PBXFileReference; lastKnownFileType = image.png; path = newplay.png; sourceTree = "<group>"; };
		18F9C86514C894A20024C409 /* newplaynormal.png */ = {isa = PBXFileReference; lastKnownFileType = image.png; path = newplaynormal.png; sourceTree = "<group>"; };
		18F9C86614C894A20024C409 /* newpre.png */ = {isa = PBXFileReference; lastKnownFileType = image.png; path = newpre.png; sourceTree = "<group>"; };
		18F9C86714C894A20024C409 /* newrepeatone.png */ = {isa = PBXFileReference; lastKnownFileType = image.png; path = newrepeatone.png; sourceTree = "<group>"; };
		18F9C86814C894A20024C409 /* newShuffle.png */ = {isa = PBXFileReference; lastKnownFileType = image.png; path = newShuffle.png; sourceTree = "<group>"; };
		18F9EA9A14F0BEB200743E91 /* BasicPlayer.h */ = {isa = PBXFileReference; fileEncoding = 4; lastKnownFileType = sourcecode.c.h; path = BasicPlayer.h; sourceTree = "<group>"; };
		18F9EA9B14F0BEB200743E91 /* BasicPlayer.m */ = {isa = PBXFileReference; fileEncoding = 4; lastKnownFileType = sourcecode.c.objc; path = BasicPlayer.m; sourceTree = "<group>"; };
		18F9EA9E14F0BEC900743E91 /* IPlayerable.h */ = {isa = PBXFileReference; fileEncoding = 4; lastKnownFileType = sourcecode.c.h; path = IPlayerable.h; sourceTree = "<group>"; };
		18FB6A3214C32311001C0013 /* Btn_local1.png */ = {isa = PBXFileReference; lastKnownFileType = image.png; path = Btn_local1.png; sourceTree = "<group>"; };
		18FB6A3514C3288D001C0013 /* calendar.png */ = {isa = PBXFileReference; lastKnownFileType = image.png; path = calendar.png; sourceTree = "<group>"; };
		18FB6A3714C328F5001C0013 /* chat.png */ = {isa = PBXFileReference; lastKnownFileType = image.png; path = chat.png; sourceTree = "<group>"; };
		18FC5E1D14A376A6001CAF67 /* libsqlite3.0.dylib */ = {isa = PBXFileReference; lastKnownFileType = "compiled.mach-o.dylib"; name = libsqlite3.0.dylib; path = usr/lib/libsqlite3.0.dylib; sourceTree = SDKROOT; };
		18FD41BB14A9B9F2001AEF64 /* libsqlite3.dylib */ = {isa = PBXFileReference; lastKnownFileType = "compiled.mach-o.dylib"; name = libsqlite3.dylib; path = usr/lib/libsqlite3.dylib; sourceTree = SDKROOT; };
		18FD41BE14A9BA4E001AEF64 /* FMDatabase.h */ = {isa = PBXFileReference; fileEncoding = 4; lastKnownFileType = sourcecode.c.h; path = FMDatabase.h; sourceTree = "<group>"; };
		18FD41BF14A9BA4E001AEF64 /* FMDatabase.m */ = {isa = PBXFileReference; fileEncoding = 4; lastKnownFileType = sourcecode.c.objc; path = FMDatabase.m; sourceTree = "<group>"; };
		18FD41C014A9BA4E001AEF64 /* FMDatabaseAdditions.h */ = {isa = PBXFileReference; fileEncoding = 4; lastKnownFileType = sourcecode.c.h; path = FMDatabaseAdditions.h; sourceTree = "<group>"; };
		18FD41C114A9BA4E001AEF64 /* FMDatabaseAdditions.m */ = {isa = PBXFileReference; fileEncoding = 4; lastKnownFileType = sourcecode.c.objc; path = FMDatabaseAdditions.m; sourceTree = "<group>"; };
		18FD41C314A9BA4E001AEF64 /* FMResultSet.h */ = {isa = PBXFileReference; fileEncoding = 4; lastKnownFileType = sourcecode.c.h; path = FMResultSet.h; sourceTree = "<group>"; };
		18FD41C414A9BA4E001AEF64 /* FMResultSet.m */ = {isa = PBXFileReference; fileEncoding = 4; lastKnownFileType = sourcecode.c.objc; path = FMResultSet.m; sourceTree = "<group>"; };
		18FD9B4614C5F93200D9D606 /* view1.png */ = {isa = PBXFileReference; lastKnownFileType = image.png; path = view1.png; sourceTree = "<group>"; };
		18FD9B4714C5F93200D9D606 /* view2.png */ = {isa = PBXFileReference; lastKnownFileType = image.png; path = view2.png; sourceTree = "<group>"; };
		18FD9B4814C5F93200D9D606 /* view3.png */ = {isa = PBXFileReference; lastKnownFileType = image.png; path = view3.png; sourceTree = "<group>"; };
		18FDB4E514DBE8F700295735 /* iPodMusicManager.h */ = {isa = PBXFileReference; fileEncoding = 4; lastKnownFileType = sourcecode.c.h; name = iPodMusicManager.h; path = ../ClassPlayer/iPodMusicManager.h; sourceTree = "<group>"; };
		18FDB4E614DBE8F700295735 /* iPodMusicManager.m */ = {isa = PBXFileReference; fileEncoding = 4; lastKnownFileType = sourcecode.c.objc; name = iPodMusicManager.m; path = ../ClassPlayer/iPodMusicManager.m; sourceTree = "<group>"; };
		18FE478714BAFB7B001C04F1 /* Rookie1.jpg */ = {isa = PBXFileReference; lastKnownFileType = image.jpeg; path = Rookie1.jpg; sourceTree = "<group>"; };
		18FE478814BAFB7B001C04F1 /* Rookie1@2x.jpg */ = {isa = PBXFileReference; lastKnownFileType = image.jpeg; path = "Rookie1@2x.jpg"; sourceTree = "<group>"; };
		18FE478914BAFB7B001C04F1 /* Rookie9.jpg */ = {isa = PBXFileReference; lastKnownFileType = image.jpeg; path = Rookie9.jpg; sourceTree = "<group>"; };
		18FE478A14BAFB7B001C04F1 /* Rookie9@2x.jpg */ = {isa = PBXFileReference; lastKnownFileType = image.jpeg; path = "Rookie9@2x.jpg"; sourceTree = "<group>"; };
		18FE478B14BAFB7B001C04F1 /* Style1.jpg */ = {isa = PBXFileReference; lastKnownFileType = image.jpeg; path = Style1.jpg; sourceTree = "<group>"; };
		18FE478C14BAFB7B001C04F1 /* Style12.jpg */ = {isa = PBXFileReference; lastKnownFileType = image.jpeg; path = Style12.jpg; sourceTree = "<group>"; };
		18FE478D14BAFB7B001C04F1 /* Style15.jpg */ = {isa = PBXFileReference; lastKnownFileType = image.jpeg; path = Style15.jpg; sourceTree = "<group>"; };
		18FE478E14BAFB7B001C04F1 /* Style29.jpg */ = {isa = PBXFileReference; lastKnownFileType = image.jpeg; path = Style29.jpg; sourceTree = "<group>"; };
		18FE478F14BAFB7B001C04F1 /* Style29@2x.jpg */ = {isa = PBXFileReference; lastKnownFileType = image.jpeg; path = "Style29@2x.jpg"; sourceTree = "<group>"; };
		18FE479914BB2B42001C04F1 /* rootnav.png */ = {isa = PBXFileReference; lastKnownFileType = image.png; path = rootnav.png; sourceTree = "<group>"; };
		18FE479B14BB2E2E001C04F1 /* 4.png */ = {isa = PBXFileReference; lastKnownFileType = image.png; path = 4.png; sourceTree = "<group>"; };
		18FE479C14BB2E2E001C04F1 /* touming.png */ = {isa = PBXFileReference; lastKnownFileType = image.png; path = touming.png; sourceTree = "<group>"; };
		18FEB4C014F9E20D0090FE3C /* DAL.h */ = {isa = PBXFileReference; fileEncoding = 4; lastKnownFileType = sourcecode.c.h; path = DAL.h; sourceTree = "<group>"; };
		18FEB4C114F9E20D0090FE3C /* DAL.m */ = {isa = PBXFileReference; fileEncoding = 4; lastKnownFileType = sourcecode.c.objc; path = DAL.m; sourceTree = "<group>"; };
		18FF18AF14EE8A0700243C82 /* AVPlayerManager.h */ = {isa = PBXFileReference; fileEncoding = 4; lastKnownFileType = sourcecode.c.h; path = AVPlayerManager.h; sourceTree = "<group>"; };
		18FF18B014EE8A0700243C82 /* AVPlayerManager.m */ = {isa = PBXFileReference; fileEncoding = 4; lastKnownFileType = sourcecode.c.objc; path = AVPlayerManager.m; sourceTree = "<group>"; };
		18FF18B314EE9ADE00243C82 /* PlayerFactory.h */ = {isa = PBXFileReference; fileEncoding = 4; lastKnownFileType = sourcecode.c.h; path = PlayerFactory.h; sourceTree = "<group>"; };
		18FF18B414EE9ADE00243C82 /* PlayerFactory.m */ = {isa = PBXFileReference; fileEncoding = 4; lastKnownFileType = sourcecode.c.objc; path = PlayerFactory.m; sourceTree = "<group>"; };
		A033FF991CFDC41300F53698 /* zhuce.png */ = {isa = PBXFileReference; lastKnownFileType = image.png; path = zhuce.png; sourceTree = "<group>"; };
		BC0825251CE8C2AC00FC91C8 /* en */ = {isa = PBXFileReference; lastKnownFileType = file.xib; name = en; path = en.lproj/RootViewController.xib; sourceTree = "<group>"; };
		BC0825291CE8D50600FC91C8 /* macbg.png */ = {isa = PBXFileReference; lastKnownFileType = image.png; path = macbg.png; sourceTree = "<group>"; };
		BC39EC721CFAFBAB00FB03AC /* 1_Intro_MAIN.mp3 */ = {isa = PBXFileReference; lastKnownFileType = audio.mp3; path = 1_Intro_MAIN.mp3; sourceTree = "<group>"; };
		BC39EC731CFAFBAB00FB03AC /* 2_Intro_VOCAB.mp3 */ = {isa = PBXFileReference; lastKnownFileType = audio.mp3; path = 2_Intro_VOCAB.mp3; sourceTree = "<group>"; };
		BC39EC741CFAFBAB00FB03AC /* 3_Intro_MINI_STORY.mp3 */ = {isa = PBXFileReference; lastKnownFileType = audio.mp3; path = 3_Intro_MINI_STORY.mp3; sourceTree = "<group>"; };
		BC39EC761CFAFBAB00FB03AC /* 1_Emotional_Mastery_MAIN.mp3 */ = {isa = PBXFileReference; lastKnownFileType = audio.mp3; path = 1_Emotional_Mastery_MAIN.mp3; sourceTree = "<group>"; };
		BC39EC771CFAFBAB00FB03AC /* 2_Emotional_Mastery_VOCAB.mp3 */ = {isa = PBXFileReference; lastKnownFileType = audio.mp3; path = 2_Emotional_Mastery_VOCAB.mp3; sourceTree = "<group>"; };
		BC39EC781CFAFBAB00FB03AC /* 3_Emotional_Mastery_MINI_STORY.mp3 */ = {isa = PBXFileReference; lastKnownFileType = audio.mp3; path = 3_Emotional_Mastery_MINI_STORY.mp3; sourceTree = "<group>"; };
		BC6FF0821CEEB5980092FC13 /* BackgroundTask.h */ = {isa = PBXFileReference; fileEncoding = 4; lastKnownFileType = sourcecode.c.h; name = BackgroundTask.h; path = ../BackgroundTask.h; sourceTree = "<group>"; };
		BC6FF0831CEEB5980092FC13 /* BackgroundTask.m */ = {isa = PBXFileReference; fileEncoding = 4; lastKnownFileType = sourcecode.c.objc; name = BackgroundTask.m; path = ../BackgroundTask.m; sourceTree = "<group>"; };
		BCA7BE0F1CE5C0D7006951A0 /* Default-568h@2x.png */ = {isa = PBXFileReference; lastKnownFileType = image.png; path = "Default-568h@2x.png"; sourceTree = "<group>"; };
		BCBDC2981CF9EEF90021C210 /* Zhuge.h */ = {isa = PBXFileReference; fileEncoding = 4; lastKnownFileType = sourcecode.c.h; path = Zhuge.h; sourceTree = "<group>"; };
		BCBDC2991CF9EEF90021C210 /* Zhuge.m */ = {isa = PBXFileReference; fileEncoding = 4; lastKnownFileType = sourcecode.c.objc; path = Zhuge.m; sourceTree = "<group>"; };
		BCBDC29A1CF9EEF90021C210 /* ZhugeConfig.h */ = {isa = PBXFileReference; fileEncoding = 4; lastKnownFileType = sourcecode.c.h; path = ZhugeConfig.h; sourceTree = "<group>"; };
		BCBDC29B1CF9EEF90021C210 /* ZhugeConfig.m */ = {isa = PBXFileReference; fileEncoding = 4; lastKnownFileType = sourcecode.c.objc; path = ZhugeConfig.m; sourceTree = "<group>"; };
		BCBDC29E1CF9EF460021C210 /* SystemConfiguration.framework */ = {isa = PBXFileReference; lastKnownFileType = wrapper.framework; name = SystemConfiguration.framework; path = System/Library/Frameworks/SystemConfiguration.framework; sourceTree = SDKROOT; };
		BCBDC2A01CF9EF590021C210 /* Accelerate.framework */ = {isa = PBXFileReference; lastKnownFileType = wrapper.framework; name = Accelerate.framework; path = System/Library/Frameworks/Accelerate.framework; sourceTree = SDKROOT; };
		BCBDC2A21CF9EF650021C210 /* QuartzCore.framework */ = {isa = PBXFileReference; lastKnownFileType = wrapper.framework; name = QuartzCore.framework; path = System/Library/Frameworks/QuartzCore.framework; sourceTree = SDKROOT; };
		BCBDC2A41CF9EFB60021C210 /* CoreTelephony.framework */ = {isa = PBXFileReference; lastKnownFileType = wrapper.framework; name = CoreTelephony.framework; path = System/Library/Frameworks/CoreTelephony.framework; sourceTree = SDKROOT; };
		BCBDC2A61CF9F01D0021C210 /* Security.framework */ = {isa = PBXFileReference; lastKnownFileType = wrapper.framework; name = Security.framework; path = System/Library/Frameworks/Security.framework; sourceTree = SDKROOT; };
		BCBDC2AC1CF9FA760021C210 /* dangan.png */ = {isa = PBXFileReference; lastKnownFileType = image.png; path = dangan.png; sourceTree = "<group>"; };
/* End PBXFileReference section */

/* Begin PBXFrameworksBuildPhase section */
		184935D514962069009B01AD /* Frameworks */ = {
			isa = PBXFrameworksBuildPhase;
			buildActionMask = 2147483647;
			files = (
				BCBDC2A71CF9F01D0021C210 /* Security.framework in Frameworks */,
				BCBDC2A31CF9EF650021C210 /* QuartzCore.framework in Frameworks */,
				184935E114962069009B01AD /* CoreGraphics.framework in Frameworks */,
				BCBDC2A11CF9EF590021C210 /* Accelerate.framework in Frameworks */,
				BCBDC29F1CF9EF460021C210 /* SystemConfiguration.framework in Frameworks */,
				BCBDC2A51CF9EFB60021C210 /* CoreTelephony.framework in Frameworks */,
				189A7F6114D2FFF200B63A9A /* MediaPlayer.framework in Frameworks */,
				18FD41BC14A9B9F2001AEF64 /* libsqlite3.dylib in Frameworks */,
				18FC5E1E14A376A6001CAF67 /* libsqlite3.0.dylib in Frameworks */,
				18F9525D149F72CD00206253 /* AVFoundation.framework in Frameworks */,
				184935DD14962069009B01AD /* UIKit.framework in Frameworks */,
				184935DF14962069009B01AD /* Foundation.framework in Frameworks */,
			);
			runOnlyForDeploymentPostprocessing = 0;
		};
/* End PBXFrameworksBuildPhase section */

/* Begin PBXGroup section */
		1802FF6F14BC7F9500DE517D /* Setting */ = {
			isa = PBXGroup;
			children = (
				1802FF7014BC802800DE517D /* SettingViewController.h */,
				1802FF7114BC802800DE517D /* SettingViewController.m */,
				1802FF7214BC802800DE517D /* SettingViewController.xib */,
				18B9DA6C14BC95B200FF450F /* SettingCell.h */,
				18B9DA6D14BC95B200FF450F /* SettingCell.m */,
				18B9DA7014BC95DE00FF450F /* SettingView.xib */,
			);
			path = Setting;
			sourceTree = "<group>";
		};
		1813635214B1C47200F90BAD /* DataSouce */ = {
			isa = PBXGroup;
			children = (
			);
			path = DataSouce;
			sourceTree = "<group>";
		};
		1813638D14B1F7CA00F90BAD /* Seven */ = {
			isa = PBXGroup;
			children = (
				18FE478614BAFB7B001C04F1 /* backgroud */,
				1813638E14B1F7CA00F90BAD /* list */,
				181363A314B1F7CA00F90BAD /* play */,
				181363B714B1F7CA00F90BAD /* skin.plist */,
			);
			name = Seven;
			path = Skin/Seven;
			sourceTree = "<group>";
		};
		1813638E14B1F7CA00F90BAD /* list */ = {
			isa = PBXGroup;
			children = (
				18FB6A3714C328F5001C0013 /* chat.png */,
				18FB6A3514C3288D001C0013 /* calendar.png */,
				18FB6A3214C32311001C0013 /* Btn_local1.png */,
				1813639014B1F7CA00F90BAD /* Bar_bottom.png */,
				1813639114B1F7CA00F90BAD /* Bar_top.png */,
				1813639214B1F7CA00F90BAD /* Btn_back.png */,
				1813639314B1F7CA00F90BAD /* Btn_local.png */,
				1813639414B1F7CA00F90BAD /* Btn_local_s.png */,
				1813639514B1F7CA00F90BAD /* Btn_more.png */,
				1813639614B1F7CA00F90BAD /* Btn_more_s.png */,
				1813639714B1F7CA00F90BAD /* Btn_playing.png */,
				1813639814B1F7CA00F90BAD /* Btn_send.png */,
				1813639914B1F7CA00F90BAD /* Icon_album.png */,
				1813639A14B1F7CA00F90BAD /* Icon_artist.png */,
				1813639B14B1F7CA00F90BAD /* Icon_singer.png */,
				1813639C14B1F7CA00F90BAD /* Icon_song.png */,
				1813639D14B1F7CA00F90BAD /* Icon_speaker.png */,
				1813639E14B1F7CA00F90BAD /* normal-2.png */,
				1813639F14B1F7CA00F90BAD /* normal.png */,
				181363A014B1F7CA00F90BAD /* pressed-2.png */,
				181363A114B1F7CA00F90BAD /* pressed.png */,
			);
			path = list;
			sourceTree = "<group>";
		};
		181363A314B1F7CA00F90BAD /* play */ = {
			isa = PBXGroup;
			children = (
				18F9C86114C894A20024C409 /* newcycle.png */,
				18F9C86214C894A20024C409 /* newnext.png */,
				18F9C86314C894A20024C409 /* newpasue.png */,
				18F9C86414C894A20024C409 /* newplay.png */,
				18F9C86514C894A20024C409 /* newplaynormal.png */,
				18F9C86614C894A20024C409 /* newpre.png */,
				18F9C86714C894A20024C409 /* newrepeatone.png */,
				18F9C86814C894A20024C409 /* newShuffle.png */,
				189D0D6E14C594C10017D481 /* help.png */,
				18FE479B14BB2E2E001C04F1 /* 4.png */,
				18FE479C14BB2E2E001C04F1 /* touming.png */,
				18FE479914BB2B42001C04F1 /* rootnav.png */,
				181363A414B1F7CA00F90BAD /* 1.png */,
				181363A514B1F7CA00F90BAD /* 16.png */,
				181363A614B1F7CA00F90BAD /* 17.png */,
				181363A714B1F7CA00F90BAD /* cycle.png */,
				181363A814B1F7CA00F90BAD /* defaulepic.png */,
				181363A914B1F7CA00F90BAD /* greenback.png */,
				181363AA14B1F7CA00F90BAD /* lyc.png */,
				181363AB14B1F7CA00F90BAD /* navtopbtn.png */,
				181363AC14B1F7CA00F90BAD /* next.png */,
				181363AD14B1F7CA00F90BAD /* pasue.png */,
				181363AE14B1F7CA00F90BAD /* picframe.png */,
				181363AF14B1F7CA00F90BAD /* play.png */,
				181363B114B1F7CA00F90BAD /* playnormal.png */,
				181363B214B1F7CA00F90BAD /* pre.png */,
				181363B314B1F7CA00F90BAD /* repeatone.png */,
				181363B414B1F7CA00F90BAD /* Shuffle.png */,
				181363B514B1F7CA00F90BAD /* skin.xml */,
				181363B614B1F7CA00F90BAD /* slider.png */,
			);
			path = play;
			sourceTree = "<group>";
		};
		183369A414A222060035D36E /* ClassPlayer */ = {
			isa = PBXGroup;
			children = (
				183369A514A222060035D36E /* MusicPlayerViewController.h */,
				183369A614A222060035D36E /* MusicPlayerViewController.m */,
				183369A714A222060035D36E /* MusicPlayerViewController.xib */,
			);
			path = ClassPlayer;
			sourceTree = "<group>";
		};
		183369AA14A222260035D36E /* Models */ = {
			isa = PBXGroup;
			children = (
				183369AB14A222260035D36E /* Music.h */,
				183369AC14A222260035D36E /* Music.m */,
			);
			path = Models;
			sourceTree = "<group>";
		};
		183369AE14A223260035D36E /* NewPlayer */ = {
			isa = PBXGroup;
			children = (
				18F031FB14E2D1CC00C7A7C3 /* iPodPLayer */,
				183369A414A222060035D36E /* ClassPlayer */,
				183369AA14A222260035D36E /* Models */,
			);
			name = NewPlayer;
			sourceTree = "<group>";
		};
		184935CD14962069009B01AD = {
			isa = PBXGroup;
			children = (
				BC39EC701CFAFBAB00FB03AC /* English */,
				BCBDC2971CF9EEF90021C210 /* Zhuge */,
				BCA7BE0F1CE5C0D7006951A0 /* Default-568h@2x.png */,
				BCBDC2AC1CF9FA760021C210 /* dangan.png */,
				18A9DEAE14CBC49100BD8EF9 /* tubiao.png */,
				18A9DEAC14CBC48500BD8EF9 /* ClassDB.sqlite3 */,
				18B9DA7214BCB5A900FF450F /* SettingItem */,
				1802FF6F14BC7F9500DE517D /* Setting */,
				18AA5E9814B2A70C007726A2 /* CustomNav */,
				18AA5E8214B2A616007726A2 /* About */,
				18AA5E8614B2A616007726A2 /* SearchResult-UnUse */,
				18AA5E7E14B2A50A007726A2 /* Common */,
				18AA5E7314B2A4FB007726A2 /* Plan */,
				1813638D14B1F7CA00F90BAD /* Seven */,
				18AA5E9214B2A633007726A2 /* Root */,
				1813635214B1C47200F90BAD /* DataSouce */,
				18FEB4BF14F9DF010090FE3C /* DAL */,
				18FD41BD14A9BA4E001AEF64 /* Helper */,
				183369AE14A223260035D36E /* NewPlayer */,
				184935E214962069009B01AD /* JokePlayer */,
				184935DB14962069009B01AD /* Frameworks */,
				184935D914962069009B01AD /* Products */,
			);
			sourceTree = "<group>";
		};
		184935D914962069009B01AD /* Products */ = {
			isa = PBXGroup;
			children = (
				184935D814962069009B01AD /* JokePlayer2.1_data.app */,
			);
			name = Products;
			sourceTree = "<group>";
		};
		184935DB14962069009B01AD /* Frameworks */ = {
			isa = PBXGroup;
			children = (
				BCBDC2A61CF9F01D0021C210 /* Security.framework */,
				BCBDC2A41CF9EFB60021C210 /* CoreTelephony.framework */,
				BCBDC2A21CF9EF650021C210 /* QuartzCore.framework */,
				BCBDC2A01CF9EF590021C210 /* Accelerate.framework */,
				BCBDC29E1CF9EF460021C210 /* SystemConfiguration.framework */,
				18FC5E1D14A376A6001CAF67 /* libsqlite3.0.dylib */,
				18FD41BB14A9B9F2001AEF64 /* libsqlite3.dylib */,
				189A7F6014D2FFF200B63A9A /* MediaPlayer.framework */,
				18F9525C149F72CD00206253 /* AVFoundation.framework */,
				184935DC14962069009B01AD /* UIKit.framework */,
				184935DE14962069009B01AD /* Foundation.framework */,
				184935E014962069009B01AD /* CoreGraphics.framework */,
			);
			name = Frameworks;
			sourceTree = "<group>";
		};
		184935E214962069009B01AD /* JokePlayer */ = {
			isa = PBXGroup;
			children = (
				BC6FF0821CEEB5980092FC13 /* BackgroundTask.h */,
				BC6FF0831CEEB5980092FC13 /* BackgroundTask.m */,
				184935EB14962069009B01AD /* AppDelegate.h */,
				184935EC14962069009B01AD /* AppDelegate.m */,
				184935E314962069009B01AD /* Supporting Files */,
			);
			path = JokePlayer;
			sourceTree = "<group>";
		};
		184935E314962069009B01AD /* Supporting Files */ = {
			isa = PBXGroup;
			children = (
				184935E414962069009B01AD /* JokePlayer2.1_data-Info.plist */,
				184935E514962069009B01AD /* InfoPlist.strings */,
				184935E814962069009B01AD /* main.m */,
				184935EA14962069009B01AD /* JokePlayer2.1_data-Prefix.pch */,
			);
			name = "Supporting Files";
			sourceTree = "<group>";
		};
		18AA5E7314B2A4FB007726A2 /* Plan */ = {
			isa = PBXGroup;
			children = (
				18AA5E7414B2A4FB007726A2 /* PlanView.xib */,
				18AA5E7514B2A4FB007726A2 /* PlanViewCell.h */,
				18AA5E7614B2A4FB007726A2 /* PlanViewCell.m */,
				18AA5E7714B2A4FB007726A2 /* PlanViewController.h */,
				18AA5E7814B2A4FB007726A2 /* PlanViewController.m */,
				18AA5E7914B2A4FB007726A2 /* PlanViewController.xib */,
			);
			path = Plan;
			sourceTree = "<group>";
		};
		18AA5E7E14B2A50A007726A2 /* Common */ = {
			isa = PBXGroup;
			children = (
				18AA5E7F14B2A50A007726A2 /* BaseCell.h */,
				18AA5E8014B2A50A007726A2 /* BaseCell.m */,
			);
			path = Common;
			sourceTree = "<group>";
		};
		18AA5E8214B2A616007726A2 /* About */ = {
			isa = PBXGroup;
			children = (
				18AA5E8314B2A616007726A2 /* AboutViewController.h */,
				18AA5E8414B2A616007726A2 /* AboutViewController.m */,
				18AA5E8514B2A616007726A2 /* AboutViewController.xib */,
			);
			path = About;
			sourceTree = "<group>";
		};
		18AA5E8614B2A616007726A2 /* SearchResult-UnUse */ = {
			isa = PBXGroup;
			children = (
				18AA5E8714B2A616007726A2 /* SearchResult.h */,
				18AA5E8814B2A616007726A2 /* SearchResult.m */,
			);
			name = "SearchResult-UnUse";
			path = SearchResult;
			sourceTree = "<group>";
		};
		18AA5E9214B2A633007726A2 /* Root */ = {
			isa = PBXGroup;
			children = (
				18AA5E9314B2A633007726A2 /* RootViewController.h */,
				18AA5E9414B2A633007726A2 /* RootViewController.m */,
				BC0825261CE8C2AC00FC91C8 /* RootViewController.xib */,
			);
			path = Root;
			sourceTree = "<group>";
		};
		18AA5E9814B2A70C007726A2 /* CustomNav */ = {
			isa = PBXGroup;
			children = (
				18AA5E9C14B2BA82007726A2 /* CustomNavgationBar.h */,
				18AA5E9D14B2BA82007726A2 /* CustomNavgationBar.m */,
			);
			path = CustomNav;
			sourceTree = "<group>";
		};
		18B9DA7214BCB5A900FF450F /* SettingItem */ = {
			isa = PBXGroup;
			children = (
				18B9DA7314BCB5D800FF450F /* StopTomeViewController.h */,
				18B9DA7414BCB5D800FF450F /* StopTomeViewController.m */,
				18B9DA7514BCB5D800FF450F /* StopTomeViewController.xib */,
			);
			path = SettingItem;
			sourceTree = "<group>";
		};
		18F031FB14E2D1CC00C7A7C3 /* iPodPLayer */ = {
			isa = PBXGroup;
			children = (
				18FDB4E514DBE8F700295735 /* iPodMusicManager.h */,
				18FDB4E614DBE8F700295735 /* iPodMusicManager.m */,
				1845586814E82269005FB3BA /* AVAudioPlayerManager.h */,
				1845586914E82269005FB3BA /* AVAudioPlayerManager.m */,
				18FF18AF14EE8A0700243C82 /* AVPlayerManager.h */,
				18FF18B014EE8A0700243C82 /* AVPlayerManager.m */,
				18FF18B314EE9ADE00243C82 /* PlayerFactory.h */,
				18FF18B414EE9ADE00243C82 /* PlayerFactory.m */,
				18F9EA9A14F0BEB200743E91 /* BasicPlayer.h */,
				18F9EA9B14F0BEB200743E91 /* BasicPlayer.m */,
				18F9EA9E14F0BEC900743E91 /* IPlayerable.h */,
			);
			path = iPodPLayer;
			sourceTree = "<group>";
		};
		18FD41BD14A9BA4E001AEF64 /* Helper */ = {
			isa = PBXGroup;
			children = (
				18FD41BE14A9BA4E001AEF64 /* FMDatabase.h */,
				18FD41BF14A9BA4E001AEF64 /* FMDatabase.m */,
				18FD41C014A9BA4E001AEF64 /* FMDatabaseAdditions.h */,
				18FD41C114A9BA4E001AEF64 /* FMDatabaseAdditions.m */,
				18FD41C314A9BA4E001AEF64 /* FMResultSet.h */,
				18FD41C414A9BA4E001AEF64 /* FMResultSet.m */,
			);
			name = Helper;
			path = DAL;
			sourceTree = "<group>";
		};
		18FE478614BAFB7B001C04F1 /* backgroud */ = {
			isa = PBXGroup;
			children = (
				BC0825291CE8D50600FC91C8 /* macbg.png */,
				18FD9B4614C5F93200D9D606 /* view1.png */,
				18FD9B4714C5F93200D9D606 /* view2.png */,
				18FD9B4814C5F93200D9D606 /* view3.png */,
				18FE478714BAFB7B001C04F1 /* Rookie1.jpg */,
				18FE478814BAFB7B001C04F1 /* Rookie1@2x.jpg */,
				18FE478914BAFB7B001C04F1 /* Rookie9.jpg */,
				18FE478A14BAFB7B001C04F1 /* Rookie9@2x.jpg */,
				18FE478B14BAFB7B001C04F1 /* Style1.jpg */,
				18FE478C14BAFB7B001C04F1 /* Style12.jpg */,
				18FE478D14BAFB7B001C04F1 /* Style15.jpg */,
				18FE478E14BAFB7B001C04F1 /* Style29.jpg */,
				18FE478F14BAFB7B001C04F1 /* Style29@2x.jpg */,
			);
			path = backgroud;
			sourceTree = "<group>";
		};
		18FEB4BF14F9DF010090FE3C /* DAL */ = {
			isa = PBXGroup;
			children = (
				18FEB4C014F9E20D0090FE3C /* DAL.h */,
				18FEB4C114F9E20D0090FE3C /* DAL.m */,
			);
			name = DAL;
			sourceTree = "<group>";
		};
		BC39EC701CFAFBAB00FB03AC /* English */ = {
			isa = PBXGroup;
			children = (
				BC39EC711CFAFBAB00FB03AC /* 01_Intro */,
				BC39EC751CFAFBAB00FB03AC /* 02_Emotional_Mastery */,
			);
			path = English;
			sourceTree = "<group>";
		};
		BC39EC711CFAFBAB00FB03AC /* 01_Intro */ = {
			isa = PBXGroup;
			children = (
				BC39EC721CFAFBAB00FB03AC /* 1_Intro_MAIN.mp3 */,
				BC39EC731CFAFBAB00FB03AC /* 2_Intro_VOCAB.mp3 */,
				BC39EC741CFAFBAB00FB03AC /* 3_Intro_MINI_STORY.mp3 */,
			);
			path = 01_Intro;
			sourceTree = "<group>";
		};
		BC39EC751CFAFBAB00FB03AC /* 02_Emotional_Mastery */ = {
			isa = PBXGroup;
			children = (
				BC39EC761CFAFBAB00FB03AC /* 1_Emotional_Mastery_MAIN.mp3 */,
				BC39EC771CFAFBAB00FB03AC /* 2_Emotional_Mastery_VOCAB.mp3 */,
				BC39EC781CFAFBAB00FB03AC /* 3_Emotional_Mastery_MINI_STORY.mp3 */,
			);
			path = 02_Emotional_Mastery;
			sourceTree = "<group>";
		};
		BCBDC2971CF9EEF90021C210 /* Zhuge */ = {
			isa = PBXGroup;
			children = (
				A033FF991CFDC41300F53698 /* zhuce.png */,
				BCBDC2981CF9EEF90021C210 /* Zhuge.h */,
				BCBDC2991CF9EEF90021C210 /* Zhuge.m */,
				BCBDC29A1CF9EEF90021C210 /* ZhugeConfig.h */,
				BCBDC29B1CF9EEF90021C210 /* ZhugeConfig.m */,
			);
			path = Zhuge;
			sourceTree = "<group>";
		};
/* End PBXGroup section */

/* Begin PBXNativeTarget section */
		184935D714962069009B01AD /* JokePlayer2.1_data */ = {
			isa = PBXNativeTarget;
			buildConfigurationList = 184935F014962069009B01AD /* Build configuration list for PBXNativeTarget "JokePlayer2.1_data" */;
			buildPhases = (
				184935D414962069009B01AD /* Sources */,
				184935D514962069009B01AD /* Frameworks */,
				184935D614962069009B01AD /* Resources */,
			);
			buildRules = (
			);
			dependencies = (
			);
			name = JokePlayer2.1_data;
			productName = JokePlayer;
			productReference = 184935D814962069009B01AD /* JokePlayer2.1_data.app */;
			productType = "com.apple.product-type.application";
		};
/* End PBXNativeTarget section */

/* Begin PBXProject section */
		184935CF14962069009B01AD /* Project object */ = {
			isa = PBXProject;
			attributes = {
				LastUpgradeCheck = 0420;
				TargetAttributes = {
					184935D714962069009B01AD = {
						DevelopmentTeam = 889UQFMM7A;
					};
				};
			};
			buildConfigurationList = 184935D214962069009B01AD /* Build configuration list for PBXProject "JokePlayer2.1_data" */;
			compatibilityVersion = "Xcode 3.2";
			developmentRegion = English;
			hasScannedForEncodings = 0;
			knownRegions = (
				en,
			);
			mainGroup = 184935CD14962069009B01AD;
			productRefGroup = 184935D914962069009B01AD /* Products */;
			projectDirPath = "";
			projectRoot = "";
			targets = (
				184935D714962069009B01AD /* JokePlayer2.1_data */,
			);
		};
/* End PBXProject section */

/* Begin PBXResourcesBuildPhase section */
		184935D614962069009B01AD /* Resources */ = {
			isa = PBXResourcesBuildPhase;
			buildActionMask = 2147483647;
			files = (
				184935E714962069009B01AD /* InfoPlist.strings in Resources */,
				183369A914A222060035D36E /* MusicPlayerViewController.xib in Resources */,
				181363B914B1F7CA00F90BAD /* Bar_bottom.png in Resources */,
				181363BA14B1F7CA00F90BAD /* Bar_top.png in Resources */,
				BC39EC7A1CFAFBAB00FB03AC /* 2_Intro_VOCAB.mp3 in Resources */,
				181363BB14B1F7CA00F90BAD /* Btn_back.png in Resources */,
				181363BC14B1F7CA00F90BAD /* Btn_local.png in Resources */,
				181363BD14B1F7CA00F90BAD /* Btn_local_s.png in Resources */,
				181363BE14B1F7CA00F90BAD /* Btn_more.png in Resources */,
				181363BF14B1F7CA00F90BAD /* Btn_more_s.png in Resources */,
				181363C014B1F7CA00F90BAD /* Btn_playing.png in Resources */,
				181363C114B1F7CA00F90BAD /* Btn_send.png in Resources */,
				181363C214B1F7CA00F90BAD /* Icon_album.png in Resources */,
				181363C314B1F7CA00F90BAD /* Icon_artist.png in Resources */,
				181363C414B1F7CA00F90BAD /* Icon_singer.png in Resources */,
				181363C514B1F7CA00F90BAD /* Icon_song.png in Resources */,
				181363C614B1F7CA00F90BAD /* Icon_speaker.png in Resources */,
				181363C714B1F7CA00F90BAD /* normal-2.png in Resources */,
				181363C814B1F7CA00F90BAD /* normal.png in Resources */,
				181363C914B1F7CA00F90BAD /* pressed-2.png in Resources */,
				181363CA14B1F7CA00F90BAD /* pressed.png in Resources */,
				181363CC14B1F7CA00F90BAD /* 1.png in Resources */,
				181363CD14B1F7CA00F90BAD /* 16.png in Resources */,
				181363CE14B1F7CA00F90BAD /* 17.png in Resources */,
				181363CF14B1F7CA00F90BAD /* cycle.png in Resources */,
				181363D014B1F7CA00F90BAD /* defaulepic.png in Resources */,
				181363D114B1F7CA00F90BAD /* greenback.png in Resources */,
				181363D214B1F7CA00F90BAD /* lyc.png in Resources */,
				BC08252A1CE8D50600FC91C8 /* macbg.png in Resources */,
				181363D314B1F7CA00F90BAD /* navtopbtn.png in Resources */,
				181363D414B1F7CA00F90BAD /* next.png in Resources */,
				181363D514B1F7CA00F90BAD /* pasue.png in Resources */,
				181363D614B1F7CA00F90BAD /* picframe.png in Resources */,
				181363D714B1F7CA00F90BAD /* play.png in Resources */,
				181363D914B1F7CA00F90BAD /* playnormal.png in Resources */,
				181363DA14B1F7CA00F90BAD /* pre.png in Resources */,
				BC39EC7C1CFAFBAB00FB03AC /* 1_Emotional_Mastery_MAIN.mp3 in Resources */,
				181363DB14B1F7CA00F90BAD /* repeatone.png in Resources */,
				181363DC14B1F7CA00F90BAD /* Shuffle.png in Resources */,
				181363DD14B1F7CA00F90BAD /* skin.xml in Resources */,
				181363DE14B1F7CA00F90BAD /* slider.png in Resources */,
				181363DF14B1F7CA00F90BAD /* skin.plist in Resources */,
				18AA5E7A14B2A4FB007726A2 /* PlanView.xib in Resources */,
				18AA5E7D14B2A4FB007726A2 /* PlanViewController.xib in Resources */,
				18AA5E8E14B2A616007726A2 /* AboutViewController.xib in Resources */,
				BC0825241CE8C2AC00FC91C8 /* RootViewController.xib in Resources */,
				18FE479014BAFB7B001C04F1 /* Rookie1.jpg in Resources */,
				18FE479114BAFB7B001C04F1 /* Rookie1@2x.jpg in Resources */,
				18FE479214BAFB7B001C04F1 /* Rookie9.jpg in Resources */,
				18FE479314BAFB7B001C04F1 /* Rookie9@2x.jpg in Resources */,
				18FE479414BAFB7B001C04F1 /* Style1.jpg in Resources */,
				BC39EC791CFAFBAB00FB03AC /* 1_Intro_MAIN.mp3 in Resources */,
				18FE479514BAFB7B001C04F1 /* Style12.jpg in Resources */,
				18FE479614BAFB7B001C04F1 /* Style15.jpg in Resources */,
				18FE479714BAFB7B001C04F1 /* Style29.jpg in Resources */,
				18FE479814BAFB7B001C04F1 /* Style29@2x.jpg in Resources */,
				18FE479A14BB2B42001C04F1 /* rootnav.png in Resources */,
				18FE479D14BB2E2E001C04F1 /* 4.png in Resources */,
				18FE479E14BB2E2E001C04F1 /* touming.png in Resources */,
				BC39EC7D1CFAFBAB00FB03AC /* 2_Emotional_Mastery_VOCAB.mp3 in Resources */,
				1802FF7414BC802800DE517D /* SettingViewController.xib in Resources */,
				BCA7BE101CE5C0D7006951A0 /* Default-568h@2x.png in Resources */,
				18B9DA7114BC95DE00FF450F /* SettingView.xib in Resources */,
				18B9DA7714BCB5D800FF450F /* StopTomeViewController.xib in Resources */,
				18FB6A3314C32311001C0013 /* Btn_local1.png in Resources */,
				18FB6A3614C3288D001C0013 /* calendar.png in Resources */,
				A033FF9A1CFDC41300F53698 /* zhuce.png in Resources */,
				BC39EC7E1CFAFBAB00FB03AC /* 3_Emotional_Mastery_MINI_STORY.mp3 in Resources */,
				18FB6A3814C328F5001C0013 /* chat.png in Resources */,
				189D0D6F14C594C10017D481 /* help.png in Resources */,
				18FD9B4914C5F93200D9D606 /* view1.png in Resources */,
				18FD9B4A14C5F93200D9D606 /* view2.png in Resources */,
				18FD9B4B14C5F93200D9D606 /* view3.png in Resources */,
				18F9C86914C894A20024C409 /* newcycle.png in Resources */,
				18F9C86A14C894A20024C409 /* newnext.png in Resources */,
				18F9C86B14C894A20024C409 /* newpasue.png in Resources */,
				BCBDC2AE1CF9FA760021C210 /* dangan.png in Resources */,
				18F9C86C14C894A20024C409 /* newplay.png in Resources */,
				18F9C86D14C894A20024C409 /* newplaynormal.png in Resources */,
				18F9C86E14C894A20024C409 /* newpre.png in Resources */,
				18F9C86F14C894A20024C409 /* newrepeatone.png in Resources */,
				18F9C87014C894A20024C409 /* newShuffle.png in Resources */,
				18A9DEAD14CBC48500BD8EF9 /* ClassDB.sqlite3 in Resources */,
				BC39EC7B1CFAFBAB00FB03AC /* 3_Intro_MINI_STORY.mp3 in Resources */,
				1884B16714FA6EAA008A31B0 /* tubiao.png in Resources */,
			);
			runOnlyForDeploymentPostprocessing = 0;
		};
/* End PBXResourcesBuildPhase section */

/* Begin PBXSourcesBuildPhase section */
		184935D414962069009B01AD /* Sources */ = {
			isa = PBXSourcesBuildPhase;
			buildActionMask = 2147483647;
			files = (
				184935E914962069009B01AD /* main.m in Sources */,
				BCBDC29C1CF9EEF90021C210 /* Zhuge.m in Sources */,
				184935ED14962069009B01AD /* AppDelegate.m in Sources */,
				183369A814A222060035D36E /* MusicPlayerViewController.m in Sources */,
				183369AD14A222260035D36E /* Music.m in Sources */,
				18FD41C514A9BA4E001AEF64 /* FMDatabase.m in Sources */,
				18FD41C614A9BA4E001AEF64 /* FMDatabaseAdditions.m in Sources */,
				BCBDC29D1CF9EEF90021C210 /* ZhugeConfig.m in Sources */,
				18FD41C814A9BA4E001AEF64 /* FMResultSet.m in Sources */,
				18AA5E7B14B2A4FB007726A2 /* PlanViewCell.m in Sources */,
				18AA5E7C14B2A4FB007726A2 /* PlanViewController.m in Sources */,
				18AA5E8114B2A50B007726A2 /* BaseCell.m in Sources */,
				18AA5E8D14B2A616007726A2 /* AboutViewController.m in Sources */,
				18AA5E8F14B2A616007726A2 /* SearchResult.m in Sources */,
				18AA5E9614B2A633007726A2 /* RootViewController.m in Sources */,
				18AA5E9E14B2BA82007726A2 /* CustomNavgationBar.m in Sources */,
				1802FF7314BC802800DE517D /* SettingViewController.m in Sources */,
				18B9DA6E14BC95B200FF450F /* SettingCell.m in Sources */,
				18B9DA7614BCB5D800FF450F /* StopTomeViewController.m in Sources */,
				BC6FF0841CEEB5980092FC13 /* BackgroundTask.m in Sources */,
				18FDB4E714DBE8F700295735 /* iPodMusicManager.m in Sources */,
				1845586A14E8226A005FB3BA /* AVAudioPlayerManager.m in Sources */,
				18FF18B114EE8A0700243C82 /* AVPlayerManager.m in Sources */,
				18FF18B514EE9ADE00243C82 /* PlayerFactory.m in Sources */,
				18F9EA9C14F0BEB200743E91 /* BasicPlayer.m in Sources */,
				18FEB4C214F9E20D0090FE3C /* DAL.m in Sources */,
			);
			runOnlyForDeploymentPostprocessing = 0;
		};
/* End PBXSourcesBuildPhase section */

/* Begin PBXVariantGroup section */
		184935E514962069009B01AD /* InfoPlist.strings */ = {
			isa = PBXVariantGroup;
			children = (
				184935E614962069009B01AD /* en */,
			);
			name = InfoPlist.strings;
			sourceTree = "<group>";
		};
		BC0825261CE8C2AC00FC91C8 /* RootViewController.xib */ = {
			isa = PBXVariantGroup;
			children = (
				BC0825251CE8C2AC00FC91C8 /* en */,
			);
			name = RootViewController.xib;
			sourceTree = "<group>";
		};
/* End PBXVariantGroup section */

/* Begin XCBuildConfiguration section */
		184935EE14962069009B01AD /* Debug */ = {
			isa = XCBuildConfiguration;
			buildSettings = {
				ALWAYS_SEARCH_USER_PATHS = NO;
				ARCHS = (
					armv6,
					"$(ARCHS_STANDARD_32_BIT)",
				);
				"CODE_SIGN_IDENTITY[sdk=iphoneos*]" = "iPhone Developer";
				COPY_PHASE_STRIP = NO;
				GCC_C_LANGUAGE_STANDARD = gnu99;
				GCC_DYNAMIC_NO_PIC = NO;
				GCC_OPTIMIZATION_LEVEL = 0;
				GCC_PREPROCESSOR_DEFINITIONS = (
					"DEBUG=1",
					"$(inherited)",
				);
				GCC_SYMBOLS_PRIVATE_EXTERN = NO;
				GCC_VERSION = com.apple.compilers.llvm.clang.1_0;
				GCC_WARN_ABOUT_MISSING_PROTOTYPES = YES;
				GCC_WARN_ABOUT_RETURN_TYPE = YES;
				GCC_WARN_UNUSED_VARIABLE = YES;
				IPHONEOS_DEPLOYMENT_TARGET = 8.0;
				New_Setting = "";
				"PROVISIONING_PROFILE[sdk=iphoneos*]" = "";
				SDKROOT = iphoneos;
			};
			name = Debug;
		};
		184935EF14962069009B01AD /* Release */ = {
			isa = XCBuildConfiguration;
			buildSettings = {
				ALWAYS_SEARCH_USER_PATHS = NO;
				ARCHS = (
					armv6,
					"$(ARCHS_STANDARD_32_BIT)",
				);
				"CODE_SIGN_IDENTITY[sdk=iphoneos*]" = "iPhone Distribution: dian li";
				COPY_PHASE_STRIP = YES;
				GCC_C_LANGUAGE_STANDARD = gnu99;
				GCC_VERSION = com.apple.compilers.llvm.clang.1_0;
				GCC_WARN_ABOUT_MISSING_PROTOTYPES = YES;
				GCC_WARN_ABOUT_RETURN_TYPE = YES;
				GCC_WARN_UNUSED_VARIABLE = YES;
				IPHONEOS_DEPLOYMENT_TARGET = 8.0;
				New_Setting = "";
				OTHER_CFLAGS = "-DNS_BLOCK_ASSERTIONS=1";
				"PROVISIONING_PROFILE[sdk=iphoneos*]" = "A72BE47B-F536-4C34-9F53-2E646249344B";
				SDKROOT = iphoneos;
				VALIDATE_PRODUCT = YES;
			};
			name = Release;
		};
		184935F114962069009B01AD /* Debug */ = {
			isa = XCBuildConfiguration;
			buildSettings = {
				ARCHS = "$(ARCHS_STANDARD)";
				CODE_SIGN_IDENTITY = "iPhone Developer";
				"CODE_SIGN_IDENTITY[sdk=iphoneos*]" = "iPhone Developer";
				GCC_PRECOMPILE_PREFIX_HEADER = YES;
				GCC_PREFIX_HEADER = "JokePlayer/JokePlayer2.1_data-Prefix.pch";
				GCC_PREPROCESSOR_DEFINITIONS = (
					"DEBUG=1",
					"$(inherited)",
					"ZHUGE_LOG=1",
				);
				INFOPLIST_FILE = "JokePlayer/JokePlayer2.1_data-Info.plist";
				IPHONEOS_DEPLOYMENT_TARGET = 9.3;
				New_Setting1 = "";
				PRODUCT_NAME = JokePlayer2.1_data;
				PROVISIONING_PROFILE = "";
				TARGETED_DEVICE_FAMILY = "1,2";
				WRAPPER_EXTENSION = app;
			};
			name = Debug;
		};
		184935F214962069009B01AD /* Release */ = {
			isa = XCBuildConfiguration;
			buildSettings = {
				ARCHS = "$(ARCHS_STANDARD)";
				CODE_SIGN_IDENTITY = "iPhone Developer";
				"CODE_SIGN_IDENTITY[sdk=iphoneos*]" = "iPhone Developer";
				GCC_PRECOMPILE_PREFIX_HEADER = YES;
				GCC_PREFIX_HEADER = "JokePlayer/JokePlayer2.1_data-Prefix.pch";
				GCC_PREPROCESSOR_DEFINITIONS = "ZHUGE_NO_ADID=1";
				INFOPLIST_FILE = "JokePlayer/JokePlayer2.1_data-Info.plist";
				IPHONEOS_DEPLOYMENT_TARGET = 9.3;
				New_Setting1 = "";
				PRODUCT_NAME = JokePlayer2.1_data;
				PROVISIONING_PROFILE = "";
				"PROVISIONING_PROFILE[sdk=iphoneos*]" = "861fa4b1-ab0e-492a-97b5-dc52c3adc7d9";
				TARGETED_DEVICE_FAMILY = "1,2";
				WRAPPER_EXTENSION = app;
			};
			name = Release;
		};
		18A9DF3114CC12C500BD8EF9 /* Distribution */ = {
			isa = XCBuildConfiguration;
			buildSettings = {
				ALWAYS_SEARCH_USER_PATHS = NO;
				ARCHS = (
					armv6,
					"$(ARCHS_STANDARD_32_BIT)",
				);
				"CODE_SIGN_IDENTITY[sdk=iphoneos*]" = "iPhone Distribution: dian li";
				"CODE_SIGN_RESOURCE_RULES_PATH[sdk=*]" = "";
				COPY_PHASE_STRIP = YES;
				GCC_C_LANGUAGE_STANDARD = gnu99;
				GCC_VERSION = com.apple.compilers.llvm.clang.1_0;
				GCC_WARN_ABOUT_MISSING_PROTOTYPES = YES;
				GCC_WARN_ABOUT_RETURN_TYPE = YES;
				GCC_WARN_UNUSED_VARIABLE = YES;
				IPHONEOS_DEPLOYMENT_TARGET = 8.0;
				New_Setting = "";
				OTHER_CFLAGS = "-DNS_BLOCK_ASSERTIONS=1";
				"PROVISIONING_PROFILE[sdk=iphoneos*]" = "A72BE47B-F536-4C34-9F53-2E646249344B";
				SDKROOT = iphoneos;
				VALIDATE_PRODUCT = YES;
			};
			name = Distribution;
		};
		18A9DF3214CC12C500BD8EF9 /* Distribution */ = {
			isa = XCBuildConfiguration;
			buildSettings = {
				ARCHS = "$(ARCHS_STANDARD)";
				CODE_SIGN_IDENTITY = "iPhone Developer";
				"CODE_SIGN_IDENTITY[sdk=iphoneos*]" = "iPhone Developer";
				GCC_PRECOMPILE_PREFIX_HEADER = YES;
				GCC_PREFIX_HEADER = "JokePlayer/JokePlayer2.1_data-Prefix.pch";
				INFOPLIST_FILE = "JokePlayer/JokePlayer2.1_data-Info.plist";
				IPHONEOS_DEPLOYMENT_TARGET = 9.3;
				New_Setting1 = "";
				PRODUCT_NAME = JokePlayer2.1_data;
				PROVISIONING_PROFILE = "";
				"PROVISIONING_PROFILE[sdk=iphoneos*]" = "861fa4b1-ab0e-492a-97b5-dc52c3adc7d9";
				TARGETED_DEVICE_FAMILY = "1,2";
				WRAPPER_EXTENSION = app;
			};
			name = Distribution;
		};
/* End XCBuildConfiguration section */

/* Begin XCConfigurationList section */
		184935D214962069009B01AD /* Build configuration list for PBXProject "JokePlayer2.1_data" */ = {
			isa = XCConfigurationList;
			buildConfigurations = (
				184935EE14962069009B01AD /* Debug */,
				184935EF14962069009B01AD /* Release */,
				18A9DF3114CC12C500BD8EF9 /* Distribution */,
			);
			defaultConfigurationIsVisible = 0;
			defaultConfigurationName = Distribution;
		};
		184935F014962069009B01AD /* Build configuration list for PBXNativeTarget "JokePlayer2.1_data" */ = {
			isa = XCConfigurationList;
			buildConfigurations = (
				184935F114962069009B01AD /* Debug */,
				184935F214962069009B01AD /* Release */,
				18A9DF3214CC12C500BD8EF9 /* Distribution */,
			);
			defaultConfigurationIsVisible = 0;
			defaultConfigurationName = Distribution;
		};
/* End XCConfigurationList section */
	};
	rootObject = 184935CF14962069009B01AD /* Project object */;
}
