// !$*UTF8*$!
{
	archiveVersion = 1;
	classes = {
	};
	objectVersion = 46;
	objects = {

/* Begin PBXBuildFile section */
		A033FF951CFDC32500F53698 /* FMDatabase.m in Sources */ = {isa = PBXBuildFile; fileRef = A033FF8F1CFDC32500F53698 /* FMDatabase.m */; settings = {COMPILER_FLAGS = "-fno-objc-arc"; }; };
		A033FF961CFDC32500F53698 /* FMDatabaseAdditions.m in Sources */ = {isa = PBXBuildFile; fileRef = A033FF911CFDC32500F53698 /* FMDatabaseAdditions.m */; settings = {COMPILER_FLAGS = "-fno-objc-arc"; }; };
		A033FF981CFDC32500F53698 /* FMResultSet.m in Sources */ = {isa = PBXBuildFile; fileRef = A033FF941CFDC32500F53698 /* FMResultSet.m */; settings = {COMPILER_FLAGS = "-fno-objc-arc"; }; };
		A033FF9D1CFDC46B00F53698 /* DAL_Impl in Resources */ = {isa = PBXBuildFile; fileRef = A033FF9C1CFDC46B00F53698 /* DAL_Impl */; };
		BC1582C11CF49A4A005BB65A /* RecordClass.m in Sources */ = {isa = PBXBuildFile; fileRef = BC1582C01CF49A4A005BB65A /* RecordClass.m */; };
		BC215A5D1CEC33D100C6AFA7 /* 1_Intro_MAIN.mp3 in Resources */ = {isa = PBXBuildFile; fileRef = BC215A5A1CEC33D100C6AFA7 /* 1_Intro_MAIN.mp3 */; };
		BC215A5E1CEC33D100C6AFA7 /* 2_Intro_VOCAB.mp3 in Resources */ = {isa = PBXBuildFile; fileRef = BC215A5B1CEC33D100C6AFA7 /* 2_Intro_VOCAB.mp3 */; };
		BC215A5F1CEC33D100C6AFA7 /* 3_Intro_MINI_STORY.mp3 in Resources */ = {isa = PBXBuildFile; fileRef = BC215A5C1CEC33D100C6AFA7 /* 3_Intro_MINI_STORY.mp3 */; };
		BC215A641CEC4E6E00C6AFA7 /* PlanViewController.m in Sources */ = {isa = PBXBuildFile; fileRef = BC215A611CEC4E6E00C6AFA7 /* PlanViewController.m */; };
		BC215A651CEC4E6E00C6AFA7 /* Plan_App.html in Resources */ = {isa = PBXBuildFile; fileRef = BC215A631CEC4E6E00C6AFA7 /* Plan_App.html */; };
		BC24B28D1CFDBCC000C36E9D /* PlanStoryboard.storyboard in Resources */ = {isa = PBXBuildFile; fileRef = BC24B28C1CFDBCC000C36E9D /* PlanStoryboard.storyboard */; };
		BC8C574D1CF89C0F00FAD6D2 /* 1_Emotional_Mastery_MAIN.mp3 in Resources */ = {isa = PBXBuildFile; fileRef = BC8C574A1CF89C0F00FAD6D2 /* 1_Emotional_Mastery_MAIN.mp3 */; };
		BC8C574E1CF89C0F00FAD6D2 /* 2_Emotional_Mastery_VOCAB.mp3 in Resources */ = {isa = PBXBuildFile; fileRef = BC8C574B1CF89C0F00FAD6D2 /* 2_Emotional_Mastery_VOCAB.mp3 */; };
		BC8C574F1CF89C0F00FAD6D2 /* 3_Emotional_Mastery_MINI_STORY.mp3 in Resources */ = {isa = PBXBuildFile; fileRef = BC8C574C1CF89C0F00FAD6D2 /* 3_Emotional_Mastery_MINI_STORY.mp3 */; };
		BC8C57541CF8B2D800FAD6D2 /* BackgroundTask.m in Sources */ = {isa = PBXBuildFile; fileRef = BC8C57531CF8B2D800FAD6D2 /* BackgroundTask.m */; };
		BC9A64DE1CEA391D00565C81 /* main.m in Sources */ = {isa = PBXBuildFile; fileRef = BC9A64DD1CEA391D00565C81 /* main.m */; };
		BC9A64E11CEA391D00565C81 /* AppDelegate.m in Sources */ = {isa = PBXBuildFile; fileRef = BC9A64E01CEA391D00565C81 /* AppDelegate.m */; };
		BC9A64E41CEA391D00565C81 /* ViewController.m in Sources */ = {isa = PBXBuildFile; fileRef = BC9A64E31CEA391D00565C81 /* ViewController.m */; };
		BC9A64E71CEA391D00565C81 /* Main.storyboard in Resources */ = {isa = PBXBuildFile; fileRef = BC9A64E51CEA391D00565C81 /* Main.storyboard */; };
		BC9A64E91CEA391D00565C81 /* Assets.xcassets in Resources */ = {isa = PBXBuildFile; fileRef = BC9A64E81CEA391D00565C81 /* Assets.xcassets */; };
		BC9A64EC1CEA391D00565C81 /* LaunchScreen.storyboard in Resources */ = {isa = PBXBuildFile; fileRef = BC9A64EA1CEA391D00565C81 /* LaunchScreen.storyboard */; };
		BC9A65021CEA39A500565C81 /* WebViewJavascriptBridge.m in Sources */ = {isa = PBXBuildFile; fileRef = BC9A64FB1CEA39A500565C81 /* WebViewJavascriptBridge.m */; };
		BC9A65031CEA39A500565C81 /* WebViewJavascriptBridge_JS.m in Sources */ = {isa = PBXBuildFile; fileRef = BC9A64FD1CEA39A500565C81 /* WebViewJavascriptBridge_JS.m */; };
		BC9A65041CEA39A500565C81 /* WebViewJavascriptBridgeBase.m in Sources */ = {isa = PBXBuildFile; fileRef = BC9A64FF1CEA39A500565C81 /* WebViewJavascriptBridgeBase.m */; };
		BC9A65051CEA39A500565C81 /* WKWebViewJavascriptBridge.m in Sources */ = {isa = PBXBuildFile; fileRef = BC9A65011CEA39A500565C81 /* WKWebViewJavascriptBridge.m */; };
		BC9A65341CEB78B500565C81 /* MediaPlayer.framework in Frameworks */ = {isa = PBXBuildFile; fileRef = BC9A65331CEB78B500565C81 /* MediaPlayer.framework */; };
		BC9A65371CEB78CD00565C81 /* libsqlite3.0.tbd in Frameworks */ = {isa = PBXBuildFile; fileRef = BC9A65351CEB78CD00565C81 /* libsqlite3.0.tbd */; };
		BC9A65381CEB78CD00565C81 /* libsqlite3.tbd in Frameworks */ = {isa = PBXBuildFile; fileRef = BC9A65361CEB78CD00565C81 /* libsqlite3.tbd */; };
		BC9A653A1CEB78D400565C81 /* AVFoundation.framework in Frameworks */ = {isa = PBXBuildFile; fileRef = BC9A65391CEB78D400565C81 /* AVFoundation.framework */; };
		BC9A653C1CEB78E200565C81 /* UIKit.framework in Frameworks */ = {isa = PBXBuildFile; fileRef = BC9A653B1CEB78E200565C81 /* UIKit.framework */; };
		BC9A65441CEB7A1000565C81 /* Music.m in Sources */ = {isa = PBXBuildFile; fileRef = BC9A65431CEB7A1000565C81 /* Music.m */; };
		BC9A65491CEB7F8D00565C81 /* MusicPlayerViewController.m in Sources */ = {isa = PBXBuildFile; fileRef = BC9A65471CEB7F8D00565C81 /* MusicPlayerViewController.m */; };
		BC9A656D1CEB86C700565C81 /* AVAudioPlayerManager.m in Sources */ = {isa = PBXBuildFile; fileRef = BC9A656C1CEB86C700565C81 /* AVAudioPlayerManager.m */; };
		BCDF94DB1CF1E2F7007D8F33 /* UserInfo_App.html in Resources */ = {isa = PBXBuildFile; fileRef = BCDF94D81CF1E2F7007D8F33 /* UserInfo_App.html */; };
		BCDF94DC1CF1E2F7007D8F33 /* UserInfoViewController.m in Sources */ = {isa = PBXBuildFile; fileRef = BCDF94DA1CF1E2F7007D8F33 /* UserInfoViewController.m */; };
/* End PBXBuildFile section */

/* Begin PBXFileReference section */
		A033FF8E1CFDC32500F53698 /* FMDatabase.h */ = {isa = PBXFileReference; fileEncoding = 4; lastKnownFileType = sourcecode.c.h; name = FMDatabase.h; path = DAL/FMDatabase.h; sourceTree = "<group>"; };
		A033FF8F1CFDC32500F53698 /* FMDatabase.m */ = {isa = PBXFileReference; fileEncoding = 4; lastKnownFileType = sourcecode.c.objc; name = FMDatabase.m; path = DAL/FMDatabase.m; sourceTree = "<group>"; };
		A033FF901CFDC32500F53698 /* FMDatabaseAdditions.h */ = {isa = PBXFileReference; fileEncoding = 4; lastKnownFileType = sourcecode.c.h; name = FMDatabaseAdditions.h; path = DAL/FMDatabaseAdditions.h; sourceTree = "<group>"; };
		A033FF911CFDC32500F53698 /* FMDatabaseAdditions.m */ = {isa = PBXFileReference; fileEncoding = 4; lastKnownFileType = sourcecode.c.objc; name = FMDatabaseAdditions.m; path = DAL/FMDatabaseAdditions.m; sourceTree = "<group>"; };
		A033FF931CFDC32500F53698 /* FMResultSet.h */ = {isa = PBXFileReference; fileEncoding = 4; lastKnownFileType = sourcecode.c.h; name = FMResultSet.h; path = DAL/FMResultSet.h; sourceTree = "<group>"; };
		A033FF941CFDC32500F53698 /* FMResultSet.m */ = {isa = PBXFileReference; fileEncoding = 4; lastKnownFileType = sourcecode.c.objc; name = FMResultSet.m; path = DAL/FMResultSet.m; sourceTree = "<group>"; };
		A033FF9B1CFDC45F00F53698 /* ClassDB.sqlite3 */ = {isa = PBXFileReference; lastKnownFileType = file; path = ClassDB.sqlite3; sourceTree = "<group>"; };
		A033FF9C1CFDC46B00F53698 /* DAL_Impl */ = {isa = PBXFileReference; lastKnownFileType = folder; path = DAL_Impl; sourceTree = "<group>"; };
		BC1582BF1CF49A4A005BB65A /* RecordClass.h */ = {isa = PBXFileReference; fileEncoding = 4; lastKnownFileType = sourcecode.c.h; path = RecordClass.h; sourceTree = "<group>"; };
		BC1582C01CF49A4A005BB65A /* RecordClass.m */ = {isa = PBXFileReference; fileEncoding = 4; lastKnownFileType = sourcecode.c.objc; path = RecordClass.m; sourceTree = "<group>"; };
		BC215A5A1CEC33D100C6AFA7 /* 1_Intro_MAIN.mp3 */ = {isa = PBXFileReference; lastKnownFileType = audio.mp3; path = 1_Intro_MAIN.mp3; sourceTree = "<group>"; };
		BC215A5B1CEC33D100C6AFA7 /* 2_Intro_VOCAB.mp3 */ = {isa = PBXFileReference; lastKnownFileType = audio.mp3; path = 2_Intro_VOCAB.mp3; sourceTree = "<group>"; };
		BC215A5C1CEC33D100C6AFA7 /* 3_Intro_MINI_STORY.mp3 */ = {isa = PBXFileReference; lastKnownFileType = audio.mp3; path = 3_Intro_MINI_STORY.mp3; sourceTree = "<group>"; };
		BC215A611CEC4E6E00C6AFA7 /* PlanViewController.m */ = {isa = PBXFileReference; fileEncoding = 4; lastKnownFileType = sourcecode.c.objc; path = PlanViewController.m; sourceTree = "<group>"; };
		BC215A621CEC4E6E00C6AFA7 /* PlanViewController.h */ = {isa = PBXFileReference; fileEncoding = 4; lastKnownFileType = sourcecode.c.h; path = PlanViewController.h; sourceTree = "<group>"; };
		BC215A631CEC4E6E00C6AFA7 /* Plan_App.html */ = {isa = PBXFileReference; fileEncoding = 4; lastKnownFileType = text.html; path = Plan_App.html; sourceTree = SOURCE_ROOT; };
		BC24B28C1CFDBCC000C36E9D /* PlanStoryboard.storyboard */ = {isa = PBXFileReference; fileEncoding = 4; lastKnownFileType = file.storyboard; path = PlanStoryboard.storyboard; sourceTree = "<group>"; };
		BC8C574A1CF89C0F00FAD6D2 /* 1_Emotional_Mastery_MAIN.mp3 */ = {isa = PBXFileReference; lastKnownFileType = audio.mp3; path = 1_Emotional_Mastery_MAIN.mp3; sourceTree = "<group>"; };
		BC8C574B1CF89C0F00FAD6D2 /* 2_Emotional_Mastery_VOCAB.mp3 */ = {isa = PBXFileReference; lastKnownFileType = audio.mp3; path = 2_Emotional_Mastery_VOCAB.mp3; sourceTree = "<group>"; };
		BC8C574C1CF89C0F00FAD6D2 /* 3_Emotional_Mastery_MINI_STORY.mp3 */ = {isa = PBXFileReference; lastKnownFileType = audio.mp3; path = 3_Emotional_Mastery_MINI_STORY.mp3; sourceTree = "<group>"; };
		BC8C57521CF8B2D800FAD6D2 /* BackgroundTask.h */ = {isa = PBXFileReference; fileEncoding = 4; lastKnownFileType = sourcecode.c.h; path = BackgroundTask.h; sourceTree = "<group>"; };
		BC8C57531CF8B2D800FAD6D2 /* BackgroundTask.m */ = {isa = PBXFileReference; fileEncoding = 4; lastKnownFileType = sourcecode.c.objc; path = BackgroundTask.m; sourceTree = "<group>"; };
		BC9A64D91CEA391D00565C81 /* EasyEnglish2.0.app */ = {isa = PBXFileReference; explicitFileType = wrapper.application; includeInIndex = 0; path = EasyEnglish2.0.app; sourceTree = BUILT_PRODUCTS_DIR; };
		BC9A64DD1CEA391D00565C81 /* main.m */ = {isa = PBXFileReference; lastKnownFileType = sourcecode.c.objc; path = main.m; sourceTree = "<group>"; };
		BC9A64DF1CEA391D00565C81 /* AppDelegate.h */ = {isa = PBXFileReference; lastKnownFileType = sourcecode.c.h; path = AppDelegate.h; sourceTree = "<group>"; };
		BC9A64E01CEA391D00565C81 /* AppDelegate.m */ = {isa = PBXFileReference; lastKnownFileType = sourcecode.c.objc; path = AppDelegate.m; sourceTree = "<group>"; };
		BC9A64E21CEA391D00565C81 /* ViewController.h */ = {isa = PBXFileReference; lastKnownFileType = sourcecode.c.h; path = ViewController.h; sourceTree = "<group>"; };
		BC9A64E31CEA391D00565C81 /* ViewController.m */ = {isa = PBXFileReference; lastKnownFileType = sourcecode.c.objc; path = ViewController.m; sourceTree = "<group>"; };
		BC9A64E61CEA391D00565C81 /* Base */ = {isa = PBXFileReference; lastKnownFileType = file.storyboard; name = Base; path = Base.lproj/Main.storyboard; sourceTree = "<group>"; };
		BC9A64E81CEA391D00565C81 /* Assets.xcassets */ = {isa = PBXFileReference; lastKnownFileType = folder.assetcatalog; path = Assets.xcassets; sourceTree = "<group>"; };
		BC9A64EB1CEA391D00565C81 /* Base */ = {isa = PBXFileReference; lastKnownFileType = file.storyboard; name = Base; path = Base.lproj/LaunchScreen.storyboard; sourceTree = "<group>"; };
		BC9A64ED1CEA391D00565C81 /* Info.plist */ = {isa = PBXFileReference; lastKnownFileType = text.plist.xml; path = Info.plist; sourceTree = "<group>"; };
		BC9A64FA1CEA39A500565C81 /* WebViewJavascriptBridge.h */ = {isa = PBXFileReference; fileEncoding = 4; lastKnownFileType = sourcecode.c.h; path = WebViewJavascriptBridge.h; sourceTree = "<group>"; };
		BC9A64FB1CEA39A500565C81 /* WebViewJavascriptBridge.m */ = {isa = PBXFileReference; fileEncoding = 4; lastKnownFileType = sourcecode.c.objc; path = WebViewJavascriptBridge.m; sourceTree = "<group>"; };
		BC9A64FC1CEA39A500565C81 /* WebViewJavascriptBridge_JS.h */ = {isa = PBXFileReference; fileEncoding = 4; lastKnownFileType = sourcecode.c.h; path = WebViewJavascriptBridge_JS.h; sourceTree = "<group>"; };
		BC9A64FD1CEA39A500565C81 /* WebViewJavascriptBridge_JS.m */ = {isa = PBXFileReference; fileEncoding = 4; lastKnownFileType = sourcecode.c.objc; path = WebViewJavascriptBridge_JS.m; sourceTree = "<group>"; };
		BC9A64FE1CEA39A500565C81 /* WebViewJavascriptBridgeBase.h */ = {isa = PBXFileReference; fileEncoding = 4; lastKnownFileType = sourcecode.c.h; path = WebViewJavascriptBridgeBase.h; sourceTree = "<group>"; };
		BC9A64FF1CEA39A500565C81 /* WebViewJavascriptBridgeBase.m */ = {isa = PBXFileReference; fileEncoding = 4; lastKnownFileType = sourcecode.c.objc; path = WebViewJavascriptBridgeBase.m; sourceTree = "<group>"; };
		BC9A65001CEA39A500565C81 /* WKWebViewJavascriptBridge.h */ = {isa = PBXFileReference; fileEncoding = 4; lastKnownFileType = sourcecode.c.h; path = WKWebViewJavascriptBridge.h; sourceTree = "<group>"; };
		BC9A65011CEA39A500565C81 /* WKWebViewJavascriptBridge.m */ = {isa = PBXFileReference; fileEncoding = 4; lastKnownFileType = sourcecode.c.objc; path = WKWebViewJavascriptBridge.m; sourceTree = "<group>"; };
		BC9A65331CEB78B500565C81 /* MediaPlayer.framework */ = {isa = PBXFileReference; lastKnownFileType = wrapper.framework; name = MediaPlayer.framework; path = System/Library/Frameworks/MediaPlayer.framework; sourceTree = SDKROOT; };
		BC9A65351CEB78CD00565C81 /* libsqlite3.0.tbd */ = {isa = PBXFileReference; lastKnownFileType = "sourcecode.text-based-dylib-definition"; name = libsqlite3.0.tbd; path = usr/lib/libsqlite3.0.tbd; sourceTree = SDKROOT; };
		BC9A65361CEB78CD00565C81 /* libsqlite3.tbd */ = {isa = PBXFileReference; lastKnownFileType = "sourcecode.text-based-dylib-definition"; name = libsqlite3.tbd; path = usr/lib/libsqlite3.tbd; sourceTree = SDKROOT; };
		BC9A65391CEB78D400565C81 /* AVFoundation.framework */ = {isa = PBXFileReference; lastKnownFileType = wrapper.framework; name = AVFoundation.framework; path = System/Library/Frameworks/AVFoundation.framework; sourceTree = SDKROOT; };
		BC9A653B1CEB78E200565C81 /* UIKit.framework */ = {isa = PBXFileReference; lastKnownFileType = wrapper.framework; name = UIKit.framework; path = System/Library/Frameworks/UIKit.framework; sourceTree = SDKROOT; };
		BC9A65421CEB7A1000565C81 /* Music.h */ = {isa = PBXFileReference; fileEncoding = 4; lastKnownFileType = sourcecode.c.h; path = Music.h; sourceTree = "<group>"; };
		BC9A65431CEB7A1000565C81 /* Music.m */ = {isa = PBXFileReference; fileEncoding = 4; lastKnownFileType = sourcecode.c.objc; path = Music.m; sourceTree = "<group>"; };
		BC9A65461CEB7F8D00565C81 /* MusicPlayerViewController.h */ = {isa = PBXFileReference; fileEncoding = 4; lastKnownFileType = sourcecode.c.h; path = MusicPlayerViewController.h; sourceTree = "<group>"; };
		BC9A65471CEB7F8D00565C81 /* MusicPlayerViewController.m */ = {isa = PBXFileReference; fileEncoding = 4; lastKnownFileType = sourcecode.c.objc; path = MusicPlayerViewController.m; sourceTree = "<group>"; };
		BC9A656B1CEB86C700565C81 /* AVAudioPlayerManager.h */ = {isa = PBXFileReference; fileEncoding = 4; lastKnownFileType = sourcecode.c.h; path = AVAudioPlayerManager.h; sourceTree = "<group>"; };
		BC9A656C1CEB86C700565C81 /* AVAudioPlayerManager.m */ = {isa = PBXFileReference; fileEncoding = 4; lastKnownFileType = sourcecode.c.objc; path = AVAudioPlayerManager.m; sourceTree = "<group>"; };
		BCDF94D81CF1E2F7007D8F33 /* UserInfo_App.html */ = {isa = PBXFileReference; fileEncoding = 4; lastKnownFileType = text.html; path = UserInfo_App.html; sourceTree = "<group>"; };
		BCDF94D91CF1E2F7007D8F33 /* UserInfoViewController.h */ = {isa = PBXFileReference; fileEncoding = 4; lastKnownFileType = sourcecode.c.h; path = UserInfoViewController.h; sourceTree = "<group>"; };
		BCDF94DA1CF1E2F7007D8F33 /* UserInfoViewController.m */ = {isa = PBXFileReference; fileEncoding = 4; lastKnownFileType = sourcecode.c.objc; path = UserInfoViewController.m; sourceTree = "<group>"; };
/* End PBXFileReference section */

/* Begin PBXFrameworksBuildPhase section */
		BC9A64D61CEA391D00565C81 /* Frameworks */ = {
			isa = PBXFrameworksBuildPhase;
			buildActionMask = 2147483647;
			files = (
				BC9A653C1CEB78E200565C81 /* UIKit.framework in Frameworks */,
				BC9A653A1CEB78D400565C81 /* AVFoundation.framework in Frameworks */,
				BC9A65371CEB78CD00565C81 /* libsqlite3.0.tbd in Frameworks */,
				BC9A65381CEB78CD00565C81 /* libsqlite3.tbd in Frameworks */,
				BC9A65341CEB78B500565C81 /* MediaPlayer.framework in Frameworks */,
			);
			runOnlyForDeploymentPostprocessing = 0;
		};
/* End PBXFrameworksBuildPhase section */

/* Begin PBXGroup section */
		A033FF8D1CFDC31600F53698 /* DAL */ = {
			isa = PBXGroup;
			children = (
				A033FF8E1CFDC32500F53698 /* FMDatabase.h */,
				A033FF8F1CFDC32500F53698 /* FMDatabase.m */,
				A033FF901CFDC32500F53698 /* FMDatabaseAdditions.h */,
				A033FF911CFDC32500F53698 /* FMDatabaseAdditions.m */,
				A033FF931CFDC32500F53698 /* FMResultSet.h */,
				A033FF941CFDC32500F53698 /* FMResultSet.m */,
			);
			name = DAL;
			sourceTree = "<group>";
		};
		BC215A581CEC33D100C6AFA7 /* English */ = {
			isa = PBXGroup;
			children = (
				BC8C57491CF89C0F00FAD6D2 /* 02_Emotional_Mastery */,
				BC215A591CEC33D100C6AFA7 /* 01_Intro */,
			);
			path = English;
			sourceTree = "<group>";
		};
		BC215A591CEC33D100C6AFA7 /* 01_Intro */ = {
			isa = PBXGroup;
			children = (
				BC215A5A1CEC33D100C6AFA7 /* 1_Intro_MAIN.mp3 */,
				BC215A5B1CEC33D100C6AFA7 /* 2_Intro_VOCAB.mp3 */,
				BC215A5C1CEC33D100C6AFA7 /* 3_Intro_MINI_STORY.mp3 */,
			);
			path = 01_Intro;
			sourceTree = "<group>";
		};
		BC215A601CEC4E6E00C6AFA7 /* Plan_with_HTML */ = {
			isa = PBXGroup;
			children = (
				BC215A631CEC4E6E00C6AFA7 /* Plan_App.html */,
				BC215A621CEC4E6E00C6AFA7 /* PlanViewController.h */,
				BC215A611CEC4E6E00C6AFA7 /* PlanViewController.m */,
				BC24B28C1CFDBCC000C36E9D /* PlanStoryboard.storyboard */,
			);
			name = Plan_with_HTML;
			path = Plan;
			sourceTree = "<group>";
		};
		BC8C57491CF89C0F00FAD6D2 /* 02_Emotional_Mastery */ = {
			isa = PBXGroup;
			children = (
				BC8C574A1CF89C0F00FAD6D2 /* 1_Emotional_Mastery_MAIN.mp3 */,
				BC8C574B1CF89C0F00FAD6D2 /* 2_Emotional_Mastery_VOCAB.mp3 */,
				BC8C574C1CF89C0F00FAD6D2 /* 3_Emotional_Mastery_MINI_STORY.mp3 */,
			);
			path = 02_Emotional_Mastery;
			sourceTree = "<group>";
		};
		BC8C57511CF8B2D800FAD6D2 /* Notification */ = {
			isa = PBXGroup;
			children = (
				BC8C57521CF8B2D800FAD6D2 /* BackgroundTask.h */,
				BC8C57531CF8B2D800FAD6D2 /* BackgroundTask.m */,
			);
			path = Notification;
			sourceTree = "<group>";
		};
		BC9A64D01CEA391D00565C81 = {
			isa = PBXGroup;
			children = (
				A033FF9B1CFDC45F00F53698 /* ClassDB.sqlite3 */,
				A033FF9C1CFDC46B00F53698 /* DAL_Impl */,
				A033FF8D1CFDC31600F53698 /* DAL */,
				BC8C57511CF8B2D800FAD6D2 /* Notification */,
				BC215A581CEC33D100C6AFA7 /* English */,
				BCDF94D21CF1E2AE007D8F33 /* UserInfo_Hybrid */,
				BC215A601CEC4E6E00C6AFA7 /* Plan_with_HTML */,
				BC9A656A1CEB86C700565C81 /* PLayer_Native_inf */,
				BC9A65451CEB7F8D00565C81 /* Player_Native_UI */,
				BC9A65411CEB7A1000565C81 /* Models */,
				BC9A64F91CEA39A500565C81 /* WebViewJavascriptBridge */,
				BC9A64DB1CEA391D00565C81 /* EasyEnglish_APP */,
				BC9A64DA1CEA391D00565C81 /* Products */,
			);
			sourceTree = "<group>";
		};
		BC9A64DA1CEA391D00565C81 /* Products */ = {
			isa = PBXGroup;
			children = (
				BC9A64D91CEA391D00565C81 /* EasyEnglish2.0.app */,
			);
			name = Products;
			sourceTree = "<group>";
		};
		BC9A64DB1CEA391D00565C81 /* EasyEnglish_APP */ = {
			isa = PBXGroup;
			children = (
				BC9A64EA1CEA391D00565C81 /* LaunchScreen.storyboard */,
				BC9A64DF1CEA391D00565C81 /* AppDelegate.h */,
				BC9A64E01CEA391D00565C81 /* AppDelegate.m */,
				BC9A64E21CEA391D00565C81 /* ViewController.h */,
				BC9A64E31CEA391D00565C81 /* ViewController.m */,
				BC9A64E81CEA391D00565C81 /* Assets.xcassets */,
				BC9A64ED1CEA391D00565C81 /* Info.plist */,
				BC9A64DC1CEA391D00565C81 /* Supporting Files */,
			);
			name = EasyEnglish_APP;
			path = EasyEnglish;
			sourceTree = "<group>";
		};
		BC9A64DC1CEA391D00565C81 /* Supporting Files */ = {
			isa = PBXGroup;
			children = (
				BC9A653B1CEB78E200565C81 /* UIKit.framework */,
				BC9A65391CEB78D400565C81 /* AVFoundation.framework */,
				BC9A65351CEB78CD00565C81 /* libsqlite3.0.tbd */,
				BC9A65361CEB78CD00565C81 /* libsqlite3.tbd */,
				BC9A65331CEB78B500565C81 /* MediaPlayer.framework */,
				BC9A64DD1CEA391D00565C81 /* main.m */,
			);
			name = "Supporting Files";
			sourceTree = "<group>";
		};
		BC9A64F91CEA39A500565C81 /* WebViewJavascriptBridge */ = {
			isa = PBXGroup;
			children = (
				BC9A64FA1CEA39A500565C81 /* WebViewJavascriptBridge.h */,
				BC9A64FB1CEA39A500565C81 /* WebViewJavascriptBridge.m */,
				BC9A64FC1CEA39A500565C81 /* WebViewJavascriptBridge_JS.h */,
				BC9A64FD1CEA39A500565C81 /* WebViewJavascriptBridge_JS.m */,
				BC9A64FE1CEA39A500565C81 /* WebViewJavascriptBridgeBase.h */,
				BC9A64FF1CEA39A500565C81 /* WebViewJavascriptBridgeBase.m */,
				BC9A65001CEA39A500565C81 /* WKWebViewJavascriptBridge.h */,
				BC9A65011CEA39A500565C81 /* WKWebViewJavascriptBridge.m */,
			);
			path = WebViewJavascriptBridge;
			sourceTree = "<group>";
		};
		BC9A65411CEB7A1000565C81 /* Models */ = {
			isa = PBXGroup;
			children = (
				BC1582BF1CF49A4A005BB65A /* RecordClass.h */,
				BC1582C01CF49A4A005BB65A /* RecordClass.m */,
				BC9A65421CEB7A1000565C81 /* Music.h */,
				BC9A65431CEB7A1000565C81 /* Music.m */,
			);
			path = Models;
			sourceTree = "<group>";
		};
		BC9A65451CEB7F8D00565C81 /* Player_Native_UI */ = {
			isa = PBXGroup;
			children = (
				BC9A65461CEB7F8D00565C81 /* MusicPlayerViewController.h */,
				BC9A65471CEB7F8D00565C81 /* MusicPlayerViewController.m */,
				BC9A64E51CEA391D00565C81 /* Main.storyboard */,
			);
			name = Player_Native_UI;
			path = Player;
			sourceTree = "<group>";
		};
		BC9A656A1CEB86C700565C81 /* PLayer_Native_inf */ = {
			isa = PBXGroup;
			children = (
				BC9A656B1CEB86C700565C81 /* AVAudioPlayerManager.h */,
				BC9A656C1CEB86C700565C81 /* AVAudioPlayerManager.m */,
			);
			name = PLayer_Native_inf;
			path = iPodPLayer;
			sourceTree = "<group>";
		};
		BCDF94D21CF1E2AE007D8F33 /* UserInfo_Hybrid */ = {
			isa = PBXGroup;
			children = (
				BCDF94D81CF1E2F7007D8F33 /* UserInfo_App.html */,
				BCDF94D91CF1E2F7007D8F33 /* UserInfoViewController.h */,
				BCDF94DA1CF1E2F7007D8F33 /* UserInfoViewController.m */,
			);
			path = UserInfo_Hybrid;
			sourceTree = "<group>";
		};
/* End PBXGroup section */

/* Begin PBXNativeTarget section */
		BC9A64D81CEA391D00565C81 /* EasyEnglish2.0 */ = {
			isa = PBXNativeTarget;
			buildConfigurationList = BC9A64F01CEA391D00565C81 /* Build configuration list for PBXNativeTarget "EasyEnglish2.0" */;
			buildPhases = (
				BC9A64D51CEA391D00565C81 /* Sources */,
				BC9A64D61CEA391D00565C81 /* Frameworks */,
				BC9A64D71CEA391D00565C81 /* Resources */,
			);
			buildRules = (
			);
			dependencies = (
			);
			name = EasyEnglish2.0;
			productName = EasyEnglish;
			productReference = BC9A64D91CEA391D00565C81 /* EasyEnglish2.0.app */;
			productType = "com.apple.product-type.application";
		};
/* End PBXNativeTarget section */

/* Begin PBXProject section */
		BC9A64D11CEA391D00565C81 /* Project object */ = {
			isa = PBXProject;
			attributes = {
				LastUpgradeCheck = 0730;
				ORGANIZATIONNAME = lidian;
				TargetAttributes = {
					BC9A64D81CEA391D00565C81 = {
						CreatedOnToolsVersion = 7.3.1;
						DevelopmentTeam = 889UQFMM7A;
						SystemCapabilities = {
							com.apple.BackgroundModes = {
								enabled = 1;
							};
						};
					};
				};
			};
			buildConfigurationList = BC9A64D41CEA391D00565C81 /* Build configuration list for PBXProject "EasyEnglish2.0" */;
			compatibilityVersion = "Xcode 3.2";
			developmentRegion = English;
			hasScannedForEncodings = 0;
			knownRegions = (
				en,
				Base,
			);
			mainGroup = BC9A64D01CEA391D00565C81;
			productRefGroup = BC9A64DA1CEA391D00565C81 /* Products */;
			projectDirPath = "";
			projectRoot = "";
			targets = (
				BC9A64D81CEA391D00565C81 /* EasyEnglish2.0 */,
			);
		};
/* End PBXProject section */

/* Begin PBXResourcesBuildPhase section */
		BC9A64D71CEA391D00565C81 /* Resources */ = {
			isa = PBXResourcesBuildPhase;
			buildActionMask = 2147483647;
			files = (
				BC215A5E1CEC33D100C6AFA7 /* 2_Intro_VOCAB.mp3 in Resources */,
				BC9A64EC1CEA391D00565C81 /* LaunchScreen.storyboard in Resources */,
				BC8C574E1CF89C0F00FAD6D2 /* 2_Emotional_Mastery_VOCAB.mp3 in Resources */,
				BC8C574D1CF89C0F00FAD6D2 /* 1_Emotional_Mastery_MAIN.mp3 in Resources */,
				BC215A651CEC4E6E00C6AFA7 /* Plan_App.html in Resources */,
				BC215A5D1CEC33D100C6AFA7 /* 1_Intro_MAIN.mp3 in Resources */,
				A033FF9D1CFDC46B00F53698 /* DAL_Impl in Resources */,
				BC9A64E91CEA391D00565C81 /* Assets.xcassets in Resources */,
				BC9A64E71CEA391D00565C81 /* Main.storyboard in Resources */,
				BC24B28D1CFDBCC000C36E9D /* PlanStoryboard.storyboard in Resources */,
				BCDF94DB1CF1E2F7007D8F33 /* UserInfo_App.html in Resources */,
				BC215A5F1CEC33D100C6AFA7 /* 3_Intro_MINI_STORY.mp3 in Resources */,
				BC8C574F1CF89C0F00FAD6D2 /* 3_Emotional_Mastery_MINI_STORY.mp3 in Resources */,
			);
			runOnlyForDeploymentPostprocessing = 0;
		};
/* End PBXResourcesBuildPhase section */

/* Begin PBXSourcesBuildPhase section */
		BC9A64D51CEA391D00565C81 /* Sources */ = {
			isa = PBXSourcesBuildPhase;
			buildActionMask = 2147483647;
			files = (
				BC9A65041CEA39A500565C81 /* WebViewJavascriptBridgeBase.m in Sources */,
				BC215A641CEC4E6E00C6AFA7 /* PlanViewController.m in Sources */,
				BC9A65021CEA39A500565C81 /* WebViewJavascriptBridge.m in Sources */,
				A033FF951CFDC32500F53698 /* FMDatabase.m in Sources */,
				BC9A656D1CEB86C700565C81 /* AVAudioPlayerManager.m in Sources */,
				BC9A65441CEB7A1000565C81 /* Music.m in Sources */,
				A033FF981CFDC32500F53698 /* FMResultSet.m in Sources */,
				BC9A64E41CEA391D00565C81 /* ViewController.m in Sources */,
				A033FF961CFDC32500F53698 /* FMDatabaseAdditions.m in Sources */,
				BCDF94DC1CF1E2F7007D8F33 /* UserInfoViewController.m in Sources */,
				BC9A65031CEA39A500565C81 /* WebViewJavascriptBridge_JS.m in Sources */,
				BC9A65051CEA39A500565C81 /* WKWebViewJavascriptBridge.m in Sources */,
				BC9A64E11CEA391D00565C81 /* AppDelegate.m in Sources */,
				BC9A64DE1CEA391D00565C81 /* main.m in Sources */,
				BC1582C11CF49A4A005BB65A /* RecordClass.m in Sources */,
				BC8C57541CF8B2D800FAD6D2 /* BackgroundTask.m in Sources */,
				BC9A65491CEB7F8D00565C81 /* MusicPlayerViewController.m in Sources */,
			);
			runOnlyForDeploymentPostprocessing = 0;
		};
/* End PBXSourcesBuildPhase section */

/* Begin PBXVariantGroup section */
		BC9A64E51CEA391D00565C81 /* Main.storyboard */ = {
			isa = PBXVariantGroup;
			children = (
				BC9A64E61CEA391D00565C81 /* Base */,
			);
			name = Main.storyboard;
			path = ../EasyEnglish;
			sourceTree = "<group>";
		};
		BC9A64EA1CEA391D00565C81 /* LaunchScreen.storyboard */ = {
			isa = PBXVariantGroup;
			children = (
				BC9A64EB1CEA391D00565C81 /* Base */,
			);
			name = LaunchScreen.storyboard;
			sourceTree = "<group>";
		};
/* End PBXVariantGroup section */

/* Begin XCBuildConfiguration section */
		BC9A64EE1CEA391D00565C81 /* Debug */ = {
			isa = XCBuildConfiguration;
			buildSettings = {
				ALWAYS_SEARCH_USER_PATHS = NO;
				CLANG_ANALYZER_NONNULL = YES;
				CLANG_CXX_LANGUAGE_STANDARD = "gnu++0x";
				CLANG_CXX_LIBRARY = "libc++";
				CLANG_ENABLE_MODULES = YES;
				CLANG_ENABLE_OBJC_ARC = YES;
				CLANG_WARN_BOOL_CONVERSION = YES;
				CLANG_WARN_CONSTANT_CONVERSION = YES;
				CLANG_WARN_DIRECT_OBJC_ISA_USAGE = YES_ERROR;
				CLANG_WARN_EMPTY_BODY = YES;
				CLANG_WARN_ENUM_CONVERSION = YES;
				CLANG_WARN_INT_CONVERSION = YES;
				CLANG_WARN_OBJC_ROOT_CLASS = YES_ERROR;
				CLANG_WARN_UNREACHABLE_CODE = YES;
				CLANG_WARN__DUPLICATE_METHOD_MATCH = YES;
				"CODE_SIGN_IDENTITY[sdk=iphoneos*]" = "iPhone Developer";
				COPY_PHASE_STRIP = NO;
				DEBUG_INFORMATION_FORMAT = dwarf;
				ENABLE_STRICT_OBJC_MSGSEND = YES;
				ENABLE_TESTABILITY = YES;
				GCC_C_LANGUAGE_STANDARD = gnu99;
				GCC_DYNAMIC_NO_PIC = NO;
				GCC_NO_COMMON_BLOCKS = YES;
				GCC_OPTIMIZATION_LEVEL = 0;
				GCC_PREPROCESSOR_DEFINITIONS = (
					"DEBUG=1",
					"$(inherited)",
				);
				GCC_WARN_64_TO_32_BIT_CONVERSION = YES;
				GCC_WARN_ABOUT_RETURN_TYPE = YES_ERROR;
				GCC_WARN_UNDECLARED_SELECTOR = YES;
				GCC_WARN_UNINITIALIZED_AUTOS = YES_AGGRESSIVE;
				GCC_WARN_UNUSED_FUNCTION = YES;
				GCC_WARN_UNUSED_VARIABLE = YES;
				IPHONEOS_DEPLOYMENT_TARGET = 9.3;
				MTL_ENABLE_DEBUG_INFO = YES;
				ONLY_ACTIVE_ARCH = YES;
				SDKROOT = iphoneos;
				TARGETED_DEVICE_FAMILY = "1,2";
			};
			name = Debug;
		};
		BC9A64EF1CEA391D00565C81 /* Release */ = {
			isa = XCBuildConfiguration;
			buildSettings = {
				ALWAYS_SEARCH_USER_PATHS = NO;
				CLANG_ANALYZER_NONNULL = YES;
				CLANG_CXX_LANGUAGE_STANDARD = "gnu++0x";
				CLANG_CXX_LIBRARY = "libc++";
				CLANG_ENABLE_MODULES = YES;
				CLANG_ENABLE_OBJC_ARC = YES;
				CLANG_WARN_BOOL_CONVERSION = YES;
				CLANG_WARN_CONSTANT_CONVERSION = YES;
				CLANG_WARN_DIRECT_OBJC_ISA_USAGE = YES_ERROR;
				CLANG_WARN_EMPTY_BODY = YES;
				CLANG_WARN_ENUM_CONVERSION = YES;
				CLANG_WARN_INT_CONVERSION = YES;
				CLANG_WARN_OBJC_ROOT_CLASS = YES_ERROR;
				CLANG_WARN_UNREACHABLE_CODE = YES;
				CLANG_WARN__DUPLICATE_METHOD_MATCH = YES;
				"CODE_SIGN_IDENTITY[sdk=iphoneos*]" = "iPhone Developer";
				COPY_PHASE_STRIP = NO;
				DEBUG_INFORMATION_FORMAT = "dwarf-with-dsym";
				ENABLE_NS_ASSERTIONS = NO;
				ENABLE_STRICT_OBJC_MSGSEND = YES;
				GCC_C_LANGUAGE_STANDARD = gnu99;
				GCC_NO_COMMON_BLOCKS = YES;
				GCC_WARN_64_TO_32_BIT_CONVERSION = YES;
				GCC_WARN_ABOUT_RETURN_TYPE = YES_ERROR;
				GCC_WARN_UNDECLARED_SELECTOR = YES;
				GCC_WARN_UNINITIALIZED_AUTOS = YES_AGGRESSIVE;
				GCC_WARN_UNUSED_FUNCTION = YES;
				GCC_WARN_UNUSED_VARIABLE = YES;
				IPHONEOS_DEPLOYMENT_TARGET = 9.3;
				MTL_ENABLE_DEBUG_INFO = NO;
				SDKROOT = iphoneos;
				TARGETED_DEVICE_FAMILY = "1,2";
				VALIDATE_PRODUCT = YES;
			};
			name = Release;
		};
		BC9A64F11CEA391D00565C81 /* Debug */ = {
			isa = XCBuildConfiguration;
			buildSettings = {
				ASSETCATALOG_COMPILER_APPICON_NAME = AppIcon;
				CODE_SIGN_IDENTITY = "iPhone Developer";
				INFOPLIST_FILE = EasyEnglish/Info.plist;
				IPHONEOS_DEPLOYMENT_TARGET = 6.0;
				LD_RUNPATH_SEARCH_PATHS = "$(inherited) @executable_path/Frameworks";
				PRODUCT_BUNDLE_IDENTIFIER = deanlee.EasyEnglish;
				PRODUCT_NAME = EasyEnglish2.0;
			};
			name = Debug;
		};
		BC9A64F21CEA391D00565C81 /* Release */ = {
			isa = XCBuildConfiguration;
			buildSettings = {
				ASSETCATALOG_COMPILER_APPICON_NAME = AppIcon;
				CODE_SIGN_IDENTITY = "iPhone Developer";
				INFOPLIST_FILE = EasyEnglish/Info.plist;
				IPHONEOS_DEPLOYMENT_TARGET = 6.0;
				LD_RUNPATH_SEARCH_PATHS = "$(inherited) @executable_path/Frameworks";
				PRODUCT_BUNDLE_IDENTIFIER = deanlee.EasyEnglish;
				PRODUCT_NAME = EasyEnglish2.0;
			};
			name = Release;
		};
/* End XCBuildConfiguration section */

/* Begin XCConfigurationList section */
		BC9A64D41CEA391D00565C81 /* Build configuration list for PBXProject "EasyEnglish2.0" */ = {
			isa = XCConfigurationList;
			buildConfigurations = (
				BC9A64EE1CEA391D00565C81 /* Debug */,
				BC9A64EF1CEA391D00565C81 /* Release */,
			);
			defaultConfigurationIsVisible = 0;
			defaultConfigurationName = Release;
		};
		BC9A64F01CEA391D00565C81 /* Build configuration list for PBXNativeTarget "EasyEnglish2.0" */ = {
			isa = XCConfigurationList;
			buildConfigurations = (
				BC9A64F11CEA391D00565C81 /* Debug */,
				BC9A64F21CEA391D00565C81 /* Release */,
			);
			defaultConfigurationIsVisible = 0;
			defaultConfigurationName = Release;
		};
/* End XCConfigurationList section */
	};
	rootObject = BC9A64D11CEA391D00565C81 /* Project object */;
}
